// !$*UTF8*$!
{
	archiveVersion = 1;
	classes = {
	};
	objectVersion = 51;
	objects = {

/* Begin PBXBuildFile section */
		2534A064395C15C9D4BD9765 /* Pods_RxSwiftPractice.framework in Frameworks */ = {isa = PBXBuildFile; fileRef = 6CB334166B76B2129F62B049 /* Pods_RxSwiftPractice.framework */; };
		B667CF53276F389000DE4F43 /* Article.swift in Sources */ = {isa = PBXBuildFile; fileRef = B667CF52276F389000DE4F43 /* Article.swift */; };
		B667CF59276F39B800DE4F43 /* ArticleServiceProtocols.swift in Sources */ = {isa = PBXBuildFile; fileRef = B667CF58276F39B800DE4F43 /* ArticleServiceProtocols.swift */; };
		B667CF5F276F582800DE4F43 /* RootViewModel.swift in Sources */ = {isa = PBXBuildFile; fileRef = B667CF5E276F582800DE4F43 /* RootViewModel.swift */; };
		B667CF63276F6BA800DE4F43 /* ArticleViewModel.swift in Sources */ = {isa = PBXBuildFile; fileRef = B667CF62276F6BA800DE4F43 /* ArticleViewModel.swift */; };
		B667CF67276F703900DE4F43 /* ArticleCell.swift in Sources */ = {isa = PBXBuildFile; fileRef = B667CF66276F703900DE4F43 /* ArticleCell.swift */; };
		B6AEFF0B276F22B200EB88EA /* AppDelegate.swift in Sources */ = {isa = PBXBuildFile; fileRef = B6AEFF0A276F22B200EB88EA /* AppDelegate.swift */; };
		B6AEFF0D276F22B200EB88EA /* SceneDelegate.swift in Sources */ = {isa = PBXBuildFile; fileRef = B6AEFF0C276F22B200EB88EA /* SceneDelegate.swift */; };
		B6AEFF14276F22BC00EB88EA /* Assets.xcassets in Resources */ = {isa = PBXBuildFile; fileRef = B6AEFF13276F22BC00EB88EA /* Assets.xcassets */; };
		B6AEFF17276F22BC00EB88EA /* LaunchScreen.storyboard in Resources */ = {isa = PBXBuildFile; fileRef = B6AEFF15276F22BC00EB88EA /* LaunchScreen.storyboard */; };
		B6AEFF23276F231D00EB88EA /* RootViewController.swift in Sources */ = {isa = PBXBuildFile; fileRef = B6AEFF22276F231D00EB88EA /* RootViewController.swift */; };
		B6AEFF27276F23A400EB88EA /* Coordinator.swift in Sources */ = {isa = PBXBuildFile; fileRef = B6AEFF26276F23A400EB88EA /* Coordinator.swift */; };
		B6E6D45527733847007CB4D4 /* ArticleService.swift in Sources */ = {isa = PBXBuildFile; fileRef = B6E6D45427733847007CB4D4 /* ArticleService.swift */; };
		B6E6D45927733942007CB4D4 /* ArticleCollectionView.swift in Sources */ = {isa = PBXBuildFile; fileRef = B6E6D45827733942007CB4D4 /* ArticleCollectionView.swift */; };
/* End PBXBuildFile section */

/* Begin PBXFileReference section */
		2D0683DCD774352871C8118D /* Pods-RxSwiftPractice.debug.xcconfig */ = {isa = PBXFileReference; includeInIndex = 1; lastKnownFileType = text.xcconfig; name = "Pods-RxSwiftPractice.debug.xcconfig"; path = "Target Support Files/Pods-RxSwiftPractice/Pods-RxSwiftPractice.debug.xcconfig"; sourceTree = "<group>"; };
		6CB334166B76B2129F62B049 /* Pods_RxSwiftPractice.framework */ = {isa = PBXFileReference; explicitFileType = wrapper.framework; includeInIndex = 0; path = Pods_RxSwiftPractice.framework; sourceTree = BUILT_PRODUCTS_DIR; };
		8C0F9F3D9652044C54DCE7B1 /* Pods-RxSwiftPractice.release.xcconfig */ = {isa = PBXFileReference; includeInIndex = 1; lastKnownFileType = text.xcconfig; name = "Pods-RxSwiftPractice.release.xcconfig"; path = "Target Support Files/Pods-RxSwiftPractice/Pods-RxSwiftPractice.release.xcconfig"; sourceTree = "<group>"; };
		B667CF52276F389000DE4F43 /* Article.swift */ = {isa = PBXFileReference; lastKnownFileType = sourcecode.swift; path = Article.swift; sourceTree = "<group>"; };
		B667CF58276F39B800DE4F43 /* ArticleServiceProtocols.swift */ = {isa = PBXFileReference; lastKnownFileType = sourcecode.swift; path = ArticleServiceProtocols.swift; sourceTree = "<group>"; };
		B667CF5E276F582800DE4F43 /* RootViewModel.swift */ = {isa = PBXFileReference; lastKnownFileType = sourcecode.swift; path = RootViewModel.swift; sourceTree = "<group>"; };
		B667CF62276F6BA800DE4F43 /* ArticleViewModel.swift */ = {isa = PBXFileReference; lastKnownFileType = sourcecode.swift; path = ArticleViewModel.swift; sourceTree = "<group>"; };
		B667CF66276F703900DE4F43 /* ArticleCell.swift */ = {isa = PBXFileReference; lastKnownFileType = sourcecode.swift; path = ArticleCell.swift; sourceTree = "<group>"; };
		B6AEFF07276F22B200EB88EA /* RxSwiftPractice.app */ = {isa = PBXFileReference; explicitFileType = wrapper.application; includeInIndex = 0; path = RxSwiftPractice.app; sourceTree = BUILT_PRODUCTS_DIR; };
		B6AEFF0A276F22B200EB88EA /* AppDelegate.swift */ = {isa = PBXFileReference; lastKnownFileType = sourcecode.swift; path = AppDelegate.swift; sourceTree = "<group>"; };
		B6AEFF0C276F22B200EB88EA /* SceneDelegate.swift */ = {isa = PBXFileReference; lastKnownFileType = sourcecode.swift; path = SceneDelegate.swift; sourceTree = "<group>"; };
		B6AEFF13276F22BC00EB88EA /* Assets.xcassets */ = {isa = PBXFileReference; lastKnownFileType = folder.assetcatalog; path = Assets.xcassets; sourceTree = "<group>"; };
		B6AEFF16276F22BC00EB88EA /* Base */ = {isa = PBXFileReference; lastKnownFileType = file.storyboard; name = Base; path = Base.lproj/LaunchScreen.storyboard; sourceTree = "<group>"; };
		B6AEFF18276F22BC00EB88EA /* Info.plist */ = {isa = PBXFileReference; lastKnownFileType = text.plist.xml; path = Info.plist; sourceTree = "<group>"; };
		B6AEFF22276F231D00EB88EA /* RootViewController.swift */ = {isa = PBXFileReference; lastKnownFileType = sourcecode.swift; path = RootViewController.swift; sourceTree = "<group>"; };
		B6AEFF26276F23A400EB88EA /* Coordinator.swift */ = {isa = PBXFileReference; lastKnownFileType = sourcecode.swift; path = Coordinator.swift; sourceTree = "<group>"; };
		B6E6D45427733847007CB4D4 /* ArticleService.swift */ = {isa = PBXFileReference; lastKnownFileType = sourcecode.swift; path = ArticleService.swift; sourceTree = "<group>"; };
		B6E6D45827733942007CB4D4 /* ArticleCollectionView.swift */ = {isa = PBXFileReference; lastKnownFileType = sourcecode.swift; path = ArticleCollectionView.swift; sourceTree = "<group>"; };
/* End PBXFileReference section */

/* Begin PBXFrameworksBuildPhase section */
		B6AEFF04276F22B200EB88EA /* Frameworks */ = {
			isa = PBXFrameworksBuildPhase;
			buildActionMask = 2147483647;
			files = (
				2534A064395C15C9D4BD9765 /* Pods_RxSwiftPractice.framework in Frameworks */,
			);
			runOnlyForDeploymentPostprocessing = 0;
		};
/* End PBXFrameworksBuildPhase section */

/* Begin PBXGroup section */
		2014093DF918C0224B372879 /* Frameworks */ = {
			isa = PBXGroup;
			children = (
				6CB334166B76B2129F62B049 /* Pods_RxSwiftPractice.framework */,
			);
			name = Frameworks;
			sourceTree = "<group>";
		};
		B6AEFEFE276F22B200EB88EA = {
			isa = PBXGroup;
			children = (
				B6AEFF09276F22B200EB88EA /* RxSwiftPractice */,
				B6AEFF08276F22B200EB88EA /* Products */,
				E2B466DFB2E1D4139D0F182D /* Pods */,
				2014093DF918C0224B372879 /* Frameworks */,
			);
			sourceTree = "<group>";
		};
		B6AEFF08276F22B200EB88EA /* Products */ = {
			isa = PBXGroup;
			children = (
				B6AEFF07276F22B200EB88EA /* RxSwiftPractice.app */,
			);
			name = Products;
			sourceTree = "<group>";
		};
		B6AEFF09276F22B200EB88EA /* RxSwiftPractice */ = {
			isa = PBXGroup;
			children = (
				B6E6D4512773371A007CB4D4 /* Data */,
				B6E6D44C2773357F007CB4D4 /* Presentation */,
				B6E6D447277334F1007CB4D4 /* Domain */,
				B6AEFF0A276F22B200EB88EA /* AppDelegate.swift */,
				B6AEFF0C276F22B200EB88EA /* SceneDelegate.swift */,
				B6AEFF13276F22BC00EB88EA /* Assets.xcassets */,
				B6AEFF15276F22BC00EB88EA /* LaunchScreen.storyboard */,
				B6AEFF18276F22BC00EB88EA /* Info.plist */,
			);
			path = RxSwiftPractice;
			sourceTree = "<group>";
		};
		B6E6D446277334E5007CB4D4 /* Entity */ = {
			isa = PBXGroup;
			children = (
				B667CF52276F389000DE4F43 /* Article.swift */,
			);
			path = Entity;
			sourceTree = "<group>";
		};
		B6E6D447277334F1007CB4D4 /* Domain */ = {
			isa = PBXGroup;
			children = (
				B6E6D44927733523007CB4D4 /* Interface */,
				B6E6D4482773350B007CB4D4 /* UseCases */,
				B6E6D446277334E5007CB4D4 /* Entity */,
			);
			path = Domain;
			sourceTree = "<group>";
		};
		B6E6D4482773350B007CB4D4 /* UseCases */ = {
			isa = PBXGroup;
			children = (
				B6E6D44B27733555007CB4D4 /* Service */,
			);
			path = UseCases;
			sourceTree = "<group>";
		};
		B6E6D44927733523007CB4D4 /* Interface */ = {
			isa = PBXGroup;
			children = (
				B6E6D44A27733539007CB4D4 /* Repositories */,
			);
			path = Interface;
			sourceTree = "<group>";
		};
		B6E6D44A27733539007CB4D4 /* Repositories */ = {
			isa = PBXGroup;
			children = (
				B667CF58276F39B800DE4F43 /* ArticleServiceProtocols.swift */,
			);
			path = Repositories;
			sourceTree = "<group>";
		};
		B6E6D44B27733555007CB4D4 /* Service */ = {
			isa = PBXGroup;
			children = (
			);
			path = Service;
			sourceTree = "<group>";
		};
		B6E6D44C2773357F007CB4D4 /* Presentation */ = {
			isa = PBXGroup;
			children = (
				B6E6D453277337D4007CB4D4 /* Coordinator */,
				B6E6D44F277335DB007CB4D4 /* ViewModels */,
				B6E6D44D27733589007CB4D4 /* Views */,
			);
			path = Presentation;
			sourceTree = "<group>";
		};
		B6E6D44D27733589007CB4D4 /* Views */ = {
			isa = PBXGroup;
			children = (
				B6E6D45727733921007CB4D4 /* CollectionView */,
				B6AEFF22276F231D00EB88EA /* RootViewController.swift */,
			);
			path = Views;
			sourceTree = "<group>";
		};
		B6E6D44F277335DB007CB4D4 /* ViewModels */ = {
			isa = PBXGroup;
			children = (
				B667CF62276F6BA800DE4F43 /* ArticleViewModel.swift */,
				B667CF5E276F582800DE4F43 /* RootViewModel.swift */,
			);
			path = ViewModels;
			sourceTree = "<group>";
		};
		B6E6D4512773371A007CB4D4 /* Data */ = {
			isa = PBXGroup;
			children = (
				B6E6D45227733720007CB4D4 /* API */,
			);
			path = Data;
			sourceTree = "<group>";
		};
		B6E6D45227733720007CB4D4 /* API */ = {
			isa = PBXGroup;
			children = (
				B6E6D45427733847007CB4D4 /* ArticleService.swift */,
			);
			path = API;
			sourceTree = "<group>";
		};
		B6E6D453277337D4007CB4D4 /* Coordinator */ = {
			isa = PBXGroup;
			children = (
				B6AEFF26276F23A400EB88EA /* Coordinator.swift */,
			);
			path = Coordinator;
			sourceTree = "<group>";
		};
		B6E6D45727733921007CB4D4 /* CollectionView */ = {
			isa = PBXGroup;
			children = (
				B667CF66276F703900DE4F43 /* ArticleCell.swift */,
				B6E6D45827733942007CB4D4 /* ArticleCollectionView.swift */,
			);
			path = CollectionView;
			sourceTree = "<group>";
		};
		E2B466DFB2E1D4139D0F182D /* Pods */ = {
			isa = PBXGroup;
			children = (
				2D0683DCD774352871C8118D /* Pods-RxSwiftPractice.debug.xcconfig */,
				8C0F9F3D9652044C54DCE7B1 /* Pods-RxSwiftPractice.release.xcconfig */,
			);
			path = Pods;
			sourceTree = "<group>";
		};
/* End PBXGroup section */

/* Begin PBXNativeTarget section */
		B6AEFF06276F22B200EB88EA /* RxSwiftPractice */ = {
			isa = PBXNativeTarget;
			buildConfigurationList = B6AEFF1B276F22BC00EB88EA /* Build configuration list for PBXNativeTarget "RxSwiftPractice" */;
			buildPhases = (
				4BEB3DF5FFF994C88326E610 /* [CP] Check Pods Manifest.lock */,
				B6AEFF03276F22B200EB88EA /* Sources */,
				B6AEFF04276F22B200EB88EA /* Frameworks */,
				B6AEFF05276F22B200EB88EA /* Resources */,
				DD9361678D37765D35B931C8 /* [CP] Embed Pods Frameworks */,
			);
			buildRules = (
			);
			dependencies = (
			);
			name = RxSwiftPractice;
			productName = RxSwiftPractice;
			productReference = B6AEFF07276F22B200EB88EA /* RxSwiftPractice.app */;
			productType = "com.apple.product-type.application";
		};
/* End PBXNativeTarget section */

/* Begin PBXProject section */
		B6AEFEFF276F22B200EB88EA /* Project object */ = {
			isa = PBXProject;
			attributes = {
				LastSwiftUpdateCheck = 1230;
				LastUpgradeCheck = 1230;
				TargetAttributes = {
					B6AEFF06276F22B200EB88EA = {
						CreatedOnToolsVersion = 12.3;
					};
				};
			};
			buildConfigurationList = B6AEFF02276F22B200EB88EA /* Build configuration list for PBXProject "RxSwiftPractice" */;
			compatibilityVersion = "Xcode 9.3";
			developmentRegion = en;
			hasScannedForEncodings = 0;
			knownRegions = (
				en,
				Base,
			);
			mainGroup = B6AEFEFE276F22B200EB88EA;
			productRefGroup = B6AEFF08276F22B200EB88EA /* Products */;
			projectDirPath = "";
			projectRoot = "";
			targets = (
				B6AEFF06276F22B200EB88EA /* RxSwiftPractice */,
			);
		};
/* End PBXProject section */

/* Begin PBXResourcesBuildPhase section */
		B6AEFF05276F22B200EB88EA /* Resources */ = {
			isa = PBXResourcesBuildPhase;
			buildActionMask = 2147483647;
			files = (
				B6AEFF17276F22BC00EB88EA /* LaunchScreen.storyboard in Resources */,
				B6AEFF14276F22BC00EB88EA /* Assets.xcassets in Resources */,
			);
			runOnlyForDeploymentPostprocessing = 0;
		};
/* End PBXResourcesBuildPhase section */

/* Begin PBXShellScriptBuildPhase section */
		4BEB3DF5FFF994C88326E610 /* [CP] Check Pods Manifest.lock */ = {
			isa = PBXShellScriptBuildPhase;
			buildActionMask = 2147483647;
			files = (
			);
			inputFileListPaths = (
			);
			inputPaths = (
				"${PODS_PODFILE_DIR_PATH}/Podfile.lock",
				"${PODS_ROOT}/Manifest.lock",
			);
			name = "[CP] Check Pods Manifest.lock";
			outputFileListPaths = (
			);
			outputPaths = (
				"$(DERIVED_FILE_DIR)/Pods-RxSwiftPractice-checkManifestLockResult.txt",
			);
			runOnlyForDeploymentPostprocessing = 0;
			shellPath = /bin/sh;
			shellScript = "diff \"${PODS_PODFILE_DIR_PATH}/Podfile.lock\" \"${PODS_ROOT}/Manifest.lock\" > /dev/null\nif [ $? != 0 ] ; then\n    # print error to STDERR\n    echo \"error: The sandbox is not in sync with the Podfile.lock. Run 'pod install' or update your CocoaPods installation.\" >&2\n    exit 1\nfi\n# This output is used by Xcode 'outputs' to avoid re-running this script phase.\necho \"SUCCESS\" > \"${SCRIPT_OUTPUT_FILE_0}\"\n";
			showEnvVarsInLog = 0;
		};
		DD9361678D37765D35B931C8 /* [CP] Embed Pods Frameworks */ = {
			isa = PBXShellScriptBuildPhase;
			buildActionMask = 2147483647;
			files = (
			);
			inputFileListPaths = (
				"${PODS_ROOT}/Target Support Files/Pods-RxSwiftPractice/Pods-RxSwiftPractice-frameworks-${CONFIGURATION}-input-files.xcfilelist",
			);
			name = "[CP] Embed Pods Frameworks";
			outputFileListPaths = (
				"${PODS_ROOT}/Target Support Files/Pods-RxSwiftPractice/Pods-RxSwiftPractice-frameworks-${CONFIGURATION}-output-files.xcfilelist",
			);
			runOnlyForDeploymentPostprocessing = 0;
			shellPath = /bin/sh;
			shellScript = "\"${PODS_ROOT}/Target Support Files/Pods-RxSwiftPractice/Pods-RxSwiftPractice-frameworks.sh\"\n";
			showEnvVarsInLog = 0;
		};
/* End PBXShellScriptBuildPhase section */

/* Begin PBXSourcesBuildPhase section */
		B6AEFF03276F22B200EB88EA /* Sources */ = {
			isa = PBXSourcesBuildPhase;
			buildActionMask = 2147483647;
			files = (
				B6E6D45527733847007CB4D4 /* ArticleService.swift in Sources */,
				B6AEFF27276F23A400EB88EA /* Coordinator.swift in Sources */,
				B667CF63276F6BA800DE4F43 /* ArticleViewModel.swift in Sources */,
				B667CF5F276F582800DE4F43 /* RootViewModel.swift in Sources */,
				B6AEFF0B276F22B200EB88EA /* AppDelegate.swift in Sources */,
				B667CF59276F39B800DE4F43 /* ArticleServiceProtocols.swift in Sources */,
				B667CF67276F703900DE4F43 /* ArticleCell.swift in Sources */,
				B6E6D45927733942007CB4D4 /* ArticleCollectionView.swift in Sources */,
				B6AEFF0D276F22B200EB88EA /* SceneDelegate.swift in Sources */,
				B6AEFF23276F231D00EB88EA /* RootViewController.swift in Sources */,
				B667CF53276F389000DE4F43 /* Article.swift in Sources */,
			);
			runOnlyForDeploymentPostprocessing = 0;
		};
/* End PBXSourcesBuildPhase section */

/* Begin PBXVariantGroup section */
		B6AEFF15276F22BC00EB88EA /* LaunchScreen.storyboard */ = {
			isa = PBXVariantGroup;
			children = (
				B6AEFF16276F22BC00EB88EA /* Base */,
			);
			name = LaunchScreen.storyboard;
			sourceTree = "<group>";
		};
/* End PBXVariantGroup section */

/* Begin XCBuildConfiguration section */
		B6AEFF19276F22BC00EB88EA /* Debug */ = {
			isa = XCBuildConfiguration;
			buildSettings = {
				ALWAYS_SEARCH_USER_PATHS = NO;
				CLANG_ANALYZER_NONNULL = YES;
				CLANG_ANALYZER_NUMBER_OBJECT_CONVERSION = YES_AGGRESSIVE;
				CLANG_CXX_LANGUAGE_STANDARD = "gnu++14";
				CLANG_CXX_LIBRARY = "libc++";
				CLANG_ENABLE_MODULES = YES;
				CLANG_ENABLE_OBJC_ARC = YES;
				CLANG_ENABLE_OBJC_WEAK = YES;
				CLANG_WARN_BLOCK_CAPTURE_AUTORELEASING = YES;
				CLANG_WARN_BOOL_CONVERSION = YES;
				CLANG_WARN_COMMA = YES;
				CLANG_WARN_CONSTANT_CONVERSION = YES;
				CLANG_WARN_DEPRECATED_OBJC_IMPLEMENTATIONS = YES;
				CLANG_WARN_DIRECT_OBJC_ISA_USAGE = YES_ERROR;
				CLANG_WARN_DOCUMENTATION_COMMENTS = YES;
				CLANG_WARN_EMPTY_BODY = YES;
				CLANG_WARN_ENUM_CONVERSION = YES;
				CLANG_WARN_INFINITE_RECURSION = YES;
				CLANG_WARN_INT_CONVERSION = YES;
				CLANG_WARN_NON_LITERAL_NULL_CONVERSION = YES;
				CLANG_WARN_OBJC_IMPLICIT_RETAIN_SELF = YES;
				CLANG_WARN_OBJC_LITERAL_CONVERSION = YES;
				CLANG_WARN_OBJC_ROOT_CLASS = YES_ERROR;
				CLANG_WARN_QUOTED_INCLUDE_IN_FRAMEWORK_HEADER = YES;
				CLANG_WARN_RANGE_LOOP_ANALYSIS = YES;
				CLANG_WARN_STRICT_PROTOTYPES = YES;
				CLANG_WARN_SUSPICIOUS_MOVE = YES;
				CLANG_WARN_UNGUARDED_AVAILABILITY = YES_AGGRESSIVE;
				CLANG_WARN_UNREACHABLE_CODE = YES;
				CLANG_WARN__DUPLICATE_METHOD_MATCH = YES;
				COPY_PHASE_STRIP = NO;
				DEBUG_INFORMATION_FORMAT = dwarf;
				ENABLE_STRICT_OBJC_MSGSEND = YES;
				ENABLE_TESTABILITY = YES;
				GCC_C_LANGUAGE_STANDARD = gnu11;
				GCC_DYNAMIC_NO_PIC = NO;
				GCC_NO_COMMON_BLOCKS = YES;
				GCC_OPTIMIZATION_LEVEL = 0;
				GCC_PREPROCESSOR_DEFINITIONS = (
					"DEBUG=1",
					"$(inherited)",
				);
				GCC_WARN_64_TO_32_BIT_CONVERSION = YES;
				GCC_WARN_ABOUT_RETURN_TYPE = YES_ERROR;
				GCC_WARN_UNDECLARED_SELECTOR = YES;
				GCC_WARN_UNINITIALIZED_AUTOS = YES_AGGRESSIVE;
				GCC_WARN_UNUSED_FUNCTION = YES;
				GCC_WARN_UNUSED_VARIABLE = YES;
				IPHONEOS_DEPLOYMENT_TARGET = 14.3;
				MTL_ENABLE_DEBUG_INFO = INCLUDE_SOURCE;
				MTL_FAST_MATH = YES;
				ONLY_ACTIVE_ARCH = YES;
				SDKROOT = iphoneos;
				SWIFT_ACTIVE_COMPILATION_CONDITIONS = DEBUG;
				SWIFT_OPTIMIZATION_LEVEL = "-Onone";
			};
			name = Debug;
		};
		B6AEFF1A276F22BC00EB88EA /* Release */ = {
			isa = XCBuildConfiguration;
			buildSettings = {
				ALWAYS_SEARCH_USER_PATHS = NO;
				CLANG_ANALYZER_NONNULL = YES;
				CLANG_ANALYZER_NUMBER_OBJECT_CONVERSION = YES_AGGRESSIVE;
				CLANG_CXX_LANGUAGE_STANDARD = "gnu++14";
				CLANG_CXX_LIBRARY = "libc++";
				CLANG_ENABLE_MODULES = YES;
				CLANG_ENABLE_OBJC_ARC = YES;
				CLANG_ENABLE_OBJC_WEAK = YES;
				CLANG_WARN_BLOCK_CAPTURE_AUTORELEASING = YES;
				CLANG_WARN_BOOL_CONVERSION = YES;
				CLANG_WARN_COMMA = YES;
				CLANG_WARN_CONSTANT_CONVERSION = YES;
				CLANG_WARN_DEPRECATED_OBJC_IMPLEMENTATIONS = YES;
				CLANG_WARN_DIRECT_OBJC_ISA_USAGE = YES_ERROR;
				CLANG_WARN_DOCUMENTATION_COMMENTS = YES;
				CLANG_WARN_EMPTY_BODY = YES;
				CLANG_WARN_ENUM_CONVERSION = YES;
				CLANG_WARN_INFINITE_RECURSION = YES;
				CLANG_WARN_INT_CONVERSION = YES;
				CLANG_WARN_NON_LITERAL_NULL_CONVERSION = YES;
				CLANG_WARN_OBJC_IMPLICIT_RETAIN_SELF = YES;
				CLANG_WARN_OBJC_LITERAL_CONVERSION = YES;
				CLANG_WARN_OBJC_ROOT_CLASS = YES_ERROR;
				CLANG_WARN_QUOTED_INCLUDE_IN_FRAMEWORK_HEADER = YES;
				CLANG_WARN_RANGE_LOOP_ANALYSIS = YES;
				CLANG_WARN_STRICT_PROTOTYPES = YES;
				CLANG_WARN_SUSPICIOUS_MOVE = YES;
				CLANG_WARN_UNGUARDED_AVAILABILITY = YES_AGGRESSIVE;
				CLANG_WARN_UNREACHABLE_CODE = YES;
				CLANG_WARN__DUPLICATE_METHOD_MATCH = YES;
				COPY_PHASE_STRIP = NO;
				DEBUG_INFORMATION_FORMAT = "dwarf-with-dsym";
				ENABLE_NS_ASSERTIONS = NO;
				ENABLE_STRICT_OBJC_MSGSEND = YES;
				GCC_C_LANGUAGE_STANDARD = gnu11;
				GCC_NO_COMMON_BLOCKS = YES;
				GCC_WARN_64_TO_32_BIT_CONVERSION = YES;
				GCC_WARN_ABOUT_RETURN_TYPE = YES_ERROR;
				GCC_WARN_UNDECLARED_SELECTOR = YES;
				GCC_WARN_UNINITIALIZED_AUTOS = YES_AGGRESSIVE;
				GCC_WARN_UNUSED_FUNCTION = YES;
				GCC_WARN_UNUSED_VARIABLE = YES;
				IPHONEOS_DEPLOYMENT_TARGET = 14.3;
				MTL_ENABLE_DEBUG_INFO = NO;
				MTL_FAST_MATH = YES;
				SDKROOT = iphoneos;
				SWIFT_COMPILATION_MODE = wholemodule;
				SWIFT_OPTIMIZATION_LEVEL = "-O";
				VALIDATE_PRODUCT = YES;
			};
			name = Release;
		};
		B6AEFF1C276F22BC00EB88EA /* Debug */ = {
			isa = XCBuildConfiguration;
			baseConfigurationReference = 2D0683DCD774352871C8118D /* Pods-RxSwiftPractice.debug.xcconfig */;
			buildSettings = {
				ASSETCATALOG_COMPILER_APPICON_NAME = AppIcon;
				ASSETCATALOG_COMPILER_GLOBAL_ACCENT_COLOR_NAME = AccentColor;
				CODE_SIGN_STYLE = Automatic;
				DEVELOPMENT_TEAM = 2L2K3UD2LK;
				INFOPLIST_FILE = RxSwiftPractice/Info.plist;
				LD_RUNPATH_SEARCH_PATHS = (
					"$(inherited)",
					"@executable_path/Frameworks",
				);
				PRODUCT_BUNDLE_IDENTIFIER = com.sangheon.RxSwiftPractice;
				PRODUCT_NAME = "$(TARGET_NAME)";
				SWIFT_VERSION = 5.0;
				TARGETED_DEVICE_FAMILY = "1,2";
			};
			name = Debug;
		};
		B6AEFF1D276F22BC00EB88EA /* Release */ = {
			isa = XCBuildConfiguration;
			baseConfigurationReference = 8C0F9F3D9652044C54DCE7B1 /* Pods-RxSwiftPractice.release.xcconfig */;
			buildSettings = {
				ASSETCATALOG_COMPILER_APPICON_NAME = AppIcon;
				ASSETCATALOG_COMPILER_GLOBAL_ACCENT_COLOR_NAME = AccentColor;
				CODE_SIGN_STYLE = Automatic;
				DEVELOPMENT_TEAM = 2L2K3UD2LK;
				INFOPLIST_FILE = RxSwiftPractice/Info.plist;
				LD_RUNPATH_SEARCH_PATHS = (
					"$(inherited)",
					"@executable_path/Frameworks",
				);
				PRODUCT_BUNDLE_IDENTIFIER = com.sangheon.RxSwiftPractice;
				PRODUCT_NAME = "$(TARGET_NAME)";
				SWIFT_VERSION = 5.0;
				TARGETED_DEVICE_FAMILY = "1,2";
			};
			name = Release;
		};
/* End XCBuildConfiguration section */

/* Begin XCConfigurationList section */
		B6AEFF02276F22B200EB88EA /* Build configuration list for PBXProject "RxSwiftPractice" */ = {
			isa = XCConfigurationList;
			buildConfigurations = (
				B6AEFF19276F22BC00EB88EA /* Debug */,
				B6AEFF1A276F22BC00EB88EA /* Release */,
			);
			defaultConfigurationIsVisible = 0;
			defaultConfigurationName = Release;
		};
		B6AEFF1B276F22BC00EB88EA /* Build configuration list for PBXNativeTarget "RxSwiftPractice" */ = {
			isa = XCConfigurationList;
			buildConfigurations = (
				B6AEFF1C276F22BC00EB88EA /* Debug */,
				B6AEFF1D276F22BC00EB88EA /* Release */,
			);
			defaultConfigurationIsVisible = 0;
			defaultConfigurationName = Release;
		};
/* End XCConfigurationList section */
	};
	rootObject = B6AEFEFF276F22B200EB88EA /* Project object */;
}
