// !$*UTF8*$!
{
	archiveVersion = 1;
	classes = {
	};
	objectVersion = 55;
	objects = {

/* Begin PBXBuildFile section */
		AF6740FA8D31DA992B7780AA /* Pods_BindingTest.framework in Frameworks */ = {isa = PBXBuildFile; fileRef = 5F11E3FD4920B85029BFAF2C /* Pods_BindingTest.framework */; };
		B612197627AE63D4006AEAC9 /* AppDelegate.swift in Sources */ = {isa = PBXBuildFile; fileRef = B612197527AE63D4006AEAC9 /* AppDelegate.swift */; };
		B612197827AE63D4006AEAC9 /* SceneDelegate.swift in Sources */ = {isa = PBXBuildFile; fileRef = B612197727AE63D4006AEAC9 /* SceneDelegate.swift */; };
		B612197A27AE63D4006AEAC9 /* ViewController.swift in Sources */ = {isa = PBXBuildFile; fileRef = B612197927AE63D4006AEAC9 /* ViewController.swift */; };
		B612197D27AE63D4006AEAC9 /* Main.storyboard in Resources */ = {isa = PBXBuildFile; fileRef = B612197B27AE63D4006AEAC9 /* Main.storyboard */; };
		B612197F27AE63D8006AEAC9 /* Assets.xcassets in Resources */ = {isa = PBXBuildFile; fileRef = B612197E27AE63D8006AEAC9 /* Assets.xcassets */; };
		B612198227AE63D8006AEAC9 /* LaunchScreen.storyboard in Resources */ = {isa = PBXBuildFile; fileRef = B612198027AE63D8006AEAC9 /* LaunchScreen.storyboard */; };
		B612198B27AE6622006AEAC9 /* Dogs.swift in Sources */ = {isa = PBXBuildFile; fileRef = B612198A27AE6622006AEAC9 /* Dogs.swift */; };
		B612198D27AE6638006AEAC9 /* ViewModel.swift in Sources */ = {isa = PBXBuildFile; fileRef = B612198C27AE6638006AEAC9 /* ViewModel.swift */; };
/* End PBXBuildFile section */

/* Begin PBXFileReference section */
		5F11E3FD4920B85029BFAF2C /* Pods_BindingTest.framework */ = {isa = PBXFileReference; explicitFileType = wrapper.framework; includeInIndex = 0; path = Pods_BindingTest.framework; sourceTree = BUILT_PRODUCTS_DIR; };
		5F56BDD27377E78285C2455D /* Pods-BindingTest.release.xcconfig */ = {isa = PBXFileReference; includeInIndex = 1; lastKnownFileType = text.xcconfig; name = "Pods-BindingTest.release.xcconfig"; path = "Target Support Files/Pods-BindingTest/Pods-BindingTest.release.xcconfig"; sourceTree = "<group>"; };
		A13E1CA83C486F307794D8D4 /* Pods-BindingTest.debug.xcconfig */ = {isa = PBXFileReference; includeInIndex = 1; lastKnownFileType = text.xcconfig; name = "Pods-BindingTest.debug.xcconfig"; path = "Target Support Files/Pods-BindingTest/Pods-BindingTest.debug.xcconfig"; sourceTree = "<group>"; };
		B612197227AE63D4006AEAC9 /* BindingTest.app */ = {isa = PBXFileReference; explicitFileType = wrapper.application; includeInIndex = 0; path = BindingTest.app; sourceTree = BUILT_PRODUCTS_DIR; };
		B612197527AE63D4006AEAC9 /* AppDelegate.swift */ = {isa = PBXFileReference; lastKnownFileType = sourcecode.swift; path = AppDelegate.swift; sourceTree = "<group>"; };
		B612197727AE63D4006AEAC9 /* SceneDelegate.swift */ = {isa = PBXFileReference; lastKnownFileType = sourcecode.swift; path = SceneDelegate.swift; sourceTree = "<group>"; };
		B612197927AE63D4006AEAC9 /* ViewController.swift */ = {isa = PBXFileReference; lastKnownFileType = sourcecode.swift; path = ViewController.swift; sourceTree = "<group>"; };
		B612197C27AE63D4006AEAC9 /* Base */ = {isa = PBXFileReference; lastKnownFileType = file.storyboard; name = Base; path = Base.lproj/Main.storyboard; sourceTree = "<group>"; };
		B612197E27AE63D8006AEAC9 /* Assets.xcassets */ = {isa = PBXFileReference; lastKnownFileType = folder.assetcatalog; path = Assets.xcassets; sourceTree = "<group>"; };
		B612198127AE63D8006AEAC9 /* Base */ = {isa = PBXFileReference; lastKnownFileType = file.storyboard; name = Base; path = Base.lproj/LaunchScreen.storyboard; sourceTree = "<group>"; };
		B612198327AE63D8006AEAC9 /* Info.plist */ = {isa = PBXFileReference; lastKnownFileType = text.plist.xml; path = Info.plist; sourceTree = "<group>"; };
		B612198A27AE6622006AEAC9 /* Dogs.swift */ = {isa = PBXFileReference; lastKnownFileType = sourcecode.swift; path = Dogs.swift; sourceTree = "<group>"; };
		B612198C27AE6638006AEAC9 /* ViewModel.swift */ = {isa = PBXFileReference; lastKnownFileType = sourcecode.swift; path = ViewModel.swift; sourceTree = "<group>"; };
/* End PBXFileReference section */

/* Begin PBXFrameworksBuildPhase section */
		B612196F27AE63D4006AEAC9 /* Frameworks */ = {
			isa = PBXFrameworksBuildPhase;
			buildActionMask = 2147483647;
			files = (
				AF6740FA8D31DA992B7780AA /* Pods_BindingTest.framework in Frameworks */,
			);
			runOnlyForDeploymentPostprocessing = 0;
		};
/* End PBXFrameworksBuildPhase section */

/* Begin PBXGroup section */
		B612196927AE63D4006AEAC9 = {
			isa = PBXGroup;
			children = (
				B612197427AE63D4006AEAC9 /* BindingTest */,
				B612197327AE63D4006AEAC9 /* Products */,
				EBD84FC5C2B0EF76D33328CF /* Pods */,
				D51F12878B294CD7E8D6DCAB /* Frameworks */,
			);
			sourceTree = "<group>";
		};
		B612197327AE63D4006AEAC9 /* Products */ = {
			isa = PBXGroup;
			children = (
				B612197227AE63D4006AEAC9 /* BindingTest.app */,
			);
			name = Products;
			sourceTree = "<group>";
		};
		B612197427AE63D4006AEAC9 /* BindingTest */ = {
			isa = PBXGroup;
			children = (
				B612197527AE63D4006AEAC9 /* AppDelegate.swift */,
				B612197727AE63D4006AEAC9 /* SceneDelegate.swift */,
				B612197927AE63D4006AEAC9 /* ViewController.swift */,
				B612197B27AE63D4006AEAC9 /* Main.storyboard */,
				B612197E27AE63D8006AEAC9 /* Assets.xcassets */,
				B612198027AE63D8006AEAC9 /* LaunchScreen.storyboard */,
				B612198327AE63D8006AEAC9 /* Info.plist */,
				B612198A27AE6622006AEAC9 /* Dogs.swift */,
				B612198C27AE6638006AEAC9 /* ViewModel.swift */,
			);
			path = BindingTest;
			sourceTree = "<group>";
		};
		D51F12878B294CD7E8D6DCAB /* Frameworks */ = {
			isa = PBXGroup;
			children = (
				5F11E3FD4920B85029BFAF2C /* Pods_BindingTest.framework */,
			);
			name = Frameworks;
			sourceTree = "<group>";
		};
		EBD84FC5C2B0EF76D33328CF /* Pods */ = {
			isa = PBXGroup;
			children = (
				A13E1CA83C486F307794D8D4 /* Pods-BindingTest.debug.xcconfig */,
				5F56BDD27377E78285C2455D /* Pods-BindingTest.release.xcconfig */,
			);
			path = Pods;
			sourceTree = "<group>";
		};
/* End PBXGroup section */

/* Begin PBXNativeTarget section */
		B612197127AE63D4006AEAC9 /* BindingTest */ = {
			isa = PBXNativeTarget;
			buildConfigurationList = B612198627AE63D8006AEAC9 /* Build configuration list for PBXNativeTarget "BindingTest" */;
			buildPhases = (
				EBE06F30F99236520F02632F /* [CP] Check Pods Manifest.lock */,
				B612196E27AE63D4006AEAC9 /* Sources */,
				B612196F27AE63D4006AEAC9 /* Frameworks */,
				B612197027AE63D4006AEAC9 /* Resources */,
				AEF30353968BE677A89CA47D /* [CP] Embed Pods Frameworks */,
			);
			buildRules = (
			);
			dependencies = (
			);
			name = BindingTest;
			productName = BindingTest;
			productReference = B612197227AE63D4006AEAC9 /* BindingTest.app */;
			productType = "com.apple.product-type.application";
		};
/* End PBXNativeTarget section */

/* Begin PBXProject section */
		B612196A27AE63D4006AEAC9 /* Project object */ = {
			isa = PBXProject;
			attributes = {
				BuildIndependentTargetsInParallel = 1;
				LastSwiftUpdateCheck = 1320;
				LastUpgradeCheck = 1320;
				TargetAttributes = {
					B612197127AE63D4006AEAC9 = {
						CreatedOnToolsVersion = 13.2.1;
					};
				};
			};
			buildConfigurationList = B612196D27AE63D4006AEAC9 /* Build configuration list for PBXProject "BindingTest" */;
			compatibilityVersion = "Xcode 13.0";
			developmentRegion = en;
			hasScannedForEncodings = 0;
			knownRegions = (
				en,
				Base,
			);
			mainGroup = B612196927AE63D4006AEAC9;
			productRefGroup = B612197327AE63D4006AEAC9 /* Products */;
			projectDirPath = "";
			projectRoot = "";
			targets = (
				B612197127AE63D4006AEAC9 /* BindingTest */,
			);
		};
/* End PBXProject section */

/* Begin PBXResourcesBuildPhase section */
		B612197027AE63D4006AEAC9 /* Resources */ = {
			isa = PBXResourcesBuildPhase;
			buildActionMask = 2147483647;
			files = (
				B612198227AE63D8006AEAC9 /* LaunchScreen.storyboard in Resources */,
				B612197F27AE63D8006AEAC9 /* Assets.xcassets in Resources */,
				B612197D27AE63D4006AEAC9 /* Main.storyboard in Resources */,
			);
			runOnlyForDeploymentPostprocessing = 0;
		};
/* End PBXResourcesBuildPhase section */

/* Begin PBXShellScriptBuildPhase section */
		AEF30353968BE677A89CA47D /* [CP] Embed Pods Frameworks */ = {
			isa = PBXShellScriptBuildPhase;
			buildActionMask = 2147483647;
			files = (
			);
			inputFileListPaths = (
				"${PODS_ROOT}/Target Support Files/Pods-BindingTest/Pods-BindingTest-frameworks-${CONFIGURATION}-input-files.xcfilelist",
			);
			name = "[CP] Embed Pods Frameworks";
			outputFileListPaths = (
				"${PODS_ROOT}/Target Support Files/Pods-BindingTest/Pods-BindingTest-frameworks-${CONFIGURATION}-output-files.xcfilelist",
			);
			runOnlyForDeploymentPostprocessing = 0;
			shellPath = /bin/sh;
			shellScript = "\"${PODS_ROOT}/Target Support Files/Pods-BindingTest/Pods-BindingTest-frameworks.sh\"\n";
			showEnvVarsInLog = 0;
		};
		EBE06F30F99236520F02632F /* [CP] Check Pods Manifest.lock */ = {
			isa = PBXShellScriptBuildPhase;
			buildActionMask = 2147483647;
			files = (
			);
			inputFileListPaths = (
			);
			inputPaths = (
				"${PODS_PODFILE_DIR_PATH}/Podfile.lock",
				"${PODS_ROOT}/Manifest.lock",
			);
			name = "[CP] Check Pods Manifest.lock";
			outputFileListPaths = (
			);
			outputPaths = (
				"$(DERIVED_FILE_DIR)/Pods-BindingTest-checkManifestLockResult.txt",
			);
			runOnlyForDeploymentPostprocessing = 0;
			shellPath = /bin/sh;
			shellScript = "diff \"${PODS_PODFILE_DIR_PATH}/Podfile.lock\" \"${PODS_ROOT}/Manifest.lock\" > /dev/null\nif [ $? != 0 ] ; then\n    # print error to STDERR\n    echo \"error: The sandbox is not in sync with the Podfile.lock. Run 'pod install' or update your CocoaPods installation.\" >&2\n    exit 1\nfi\n# This output is used by Xcode 'outputs' to avoid re-running this script phase.\necho \"SUCCESS\" > \"${SCRIPT_OUTPUT_FILE_0}\"\n";
			showEnvVarsInLog = 0;
		};
/* End PBXShellScriptBuildPhase section */

/* Begin PBXSourcesBuildPhase section */
		B612196E27AE63D4006AEAC9 /* Sources */ = {
			isa = PBXSourcesBuildPhase;
			buildActionMask = 2147483647;
			files = (
				B612198D27AE6638006AEAC9 /* ViewModel.swift in Sources */,
				B612197A27AE63D4006AEAC9 /* ViewController.swift in Sources */,
				B612197627AE63D4006AEAC9 /* AppDelegate.swift in Sources */,
				B612198B27AE6622006AEAC9 /* Dogs.swift in Sources */,
				B612197827AE63D4006AEAC9 /* SceneDelegate.swift in Sources */,
			);
			runOnlyForDeploymentPostprocessing = 0;
		};
/* End PBXSourcesBuildPhase section */

/* Begin PBXVariantGroup section */
		B612197B27AE63D4006AEAC9 /* Main.storyboard */ = {
			isa = PBXVariantGroup;
			children = (
				B612197C27AE63D4006AEAC9 /* Base */,
			);
			name = Main.storyboard;
			sourceTree = "<group>";
		};
		B612198027AE63D8006AEAC9 /* LaunchScreen.storyboard */ = {
			isa = PBXVariantGroup;
			children = (
				B612198127AE63D8006AEAC9 /* Base */,
			);
			name = LaunchScreen.storyboard;
			sourceTree = "<group>";
		};
/* End PBXVariantGroup section */

/* Begin XCBuildConfiguration section */
		B612198427AE63D8006AEAC9 /* Debug */ = {
			isa = XCBuildConfiguration;
			buildSettings = {
				ALWAYS_SEARCH_USER_PATHS = NO;
				CLANG_ANALYZER_NONNULL = YES;
				CLANG_ANALYZER_NUMBER_OBJECT_CONVERSION = YES_AGGRESSIVE;
				CLANG_CXX_LANGUAGE_STANDARD = "gnu++17";
				CLANG_CXX_LIBRARY = "libc++";
				CLANG_ENABLE_MODULES = YES;
				CLANG_ENABLE_OBJC_ARC = YES;
				CLANG_ENABLE_OBJC_WEAK = YES;
				CLANG_WARN_BLOCK_CAPTURE_AUTORELEASING = YES;
				CLANG_WARN_BOOL_CONVERSION = YES;
				CLANG_WARN_COMMA = YES;
				CLANG_WARN_CONSTANT_CONVERSION = YES;
				CLANG_WARN_DEPRECATED_OBJC_IMPLEMENTATIONS = YES;
				CLANG_WARN_DIRECT_OBJC_ISA_USAGE = YES_ERROR;
				CLANG_WARN_DOCUMENTATION_COMMENTS = YES;
				CLANG_WARN_EMPTY_BODY = YES;
				CLANG_WARN_ENUM_CONVERSION = YES;
				CLANG_WARN_INFINITE_RECURSION = YES;
				CLANG_WARN_INT_CONVERSION = YES;
				CLANG_WARN_NON_LITERAL_NULL_CONVERSION = YES;
				CLANG_WARN_OBJC_IMPLICIT_RETAIN_SELF = YES;
				CLANG_WARN_OBJC_LITERAL_CONVERSION = YES;
				CLANG_WARN_OBJC_ROOT_CLASS = YES_ERROR;
				CLANG_WARN_QUOTED_INCLUDE_IN_FRAMEWORK_HEADER = YES;
				CLANG_WARN_RANGE_LOOP_ANALYSIS = YES;
				CLANG_WARN_STRICT_PROTOTYPES = YES;
				CLANG_WARN_SUSPICIOUS_MOVE = YES;
				CLANG_WARN_UNGUARDED_AVAILABILITY = YES_AGGRESSIVE;
				CLANG_WARN_UNREACHABLE_CODE = YES;
				CLANG_WARN__DUPLICATE_METHOD_MATCH = YES;
				COPY_PHASE_STRIP = NO;
				DEBUG_INFORMATION_FORMAT = dwarf;
				ENABLE_STRICT_OBJC_MSGSEND = YES;
				ENABLE_TESTABILITY = YES;
				GCC_C_LANGUAGE_STANDARD = gnu11;
				GCC_DYNAMIC_NO_PIC = NO;
				GCC_NO_COMMON_BLOCKS = YES;
				GCC_OPTIMIZATION_LEVEL = 0;
				GCC_PREPROCESSOR_DEFINITIONS = (
					"DEBUG=1",
					"$(inherited)",
				);
				GCC_WARN_64_TO_32_BIT_CONVERSION = YES;
				GCC_WARN_ABOUT_RETURN_TYPE = YES_ERROR;
				GCC_WARN_UNDECLARED_SELECTOR = YES;
				GCC_WARN_UNINITIALIZED_AUTOS = YES_AGGRESSIVE;
				GCC_WARN_UNUSED_FUNCTION = YES;
				GCC_WARN_UNUSED_VARIABLE = YES;
				IPHONEOS_DEPLOYMENT_TARGET = 15.2;
				MTL_ENABLE_DEBUG_INFO = INCLUDE_SOURCE;
				MTL_FAST_MATH = YES;
				ONLY_ACTIVE_ARCH = YES;
				SDKROOT = iphoneos;
				SWIFT_ACTIVE_COMPILATION_CONDITIONS = DEBUG;
				SWIFT_OPTIMIZATION_LEVEL = "-Onone";
			};
			name = Debug;
		};
		B612198527AE63D8006AEAC9 /* Release */ = {
			isa = XCBuildConfiguration;
			buildSettings = {
				ALWAYS_SEARCH_USER_PATHS = NO;
				CLANG_ANALYZER_NONNULL = YES;
				CLANG_ANALYZER_NUMBER_OBJECT_CONVERSION = YES_AGGRESSIVE;
				CLANG_CXX_LANGUAGE_STANDARD = "gnu++17";
				CLANG_CXX_LIBRARY = "libc++";
				CLANG_ENABLE_MODULES = YES;
				CLANG_ENABLE_OBJC_ARC = YES;
				CLANG_ENABLE_OBJC_WEAK = YES;
				CLANG_WARN_BLOCK_CAPTURE_AUTORELEASING = YES;
				CLANG_WARN_BOOL_CONVERSION = YES;
				CLANG_WARN_COMMA = YES;
				CLANG_WARN_CONSTANT_CONVERSION = YES;
				CLANG_WARN_DEPRECATED_OBJC_IMPLEMENTATIONS = YES;
				CLANG_WARN_DIRECT_OBJC_ISA_USAGE = YES_ERROR;
				CLANG_WARN_DOCUMENTATION_COMMENTS = YES;
				CLANG_WARN_EMPTY_BODY = YES;
				CLANG_WARN_ENUM_CONVERSION = YES;
				CLANG_WARN_INFINITE_RECURSION = YES;
				CLANG_WARN_INT_CONVERSION = YES;
				CLANG_WARN_NON_LITERAL_NULL_CONVERSION = YES;
				CLANG_WARN_OBJC_IMPLICIT_RETAIN_SELF = YES;
				CLANG_WARN_OBJC_LITERAL_CONVERSION = YES;
				CLANG_WARN_OBJC_ROOT_CLASS = YES_ERROR;
				CLANG_WARN_QUOTED_INCLUDE_IN_FRAMEWORK_HEADER = YES;
				CLANG_WARN_RANGE_LOOP_ANALYSIS = YES;
				CLANG_WARN_STRICT_PROTOTYPES = YES;
				CLANG_WARN_SUSPICIOUS_MOVE = YES;
				CLANG_WARN_UNGUARDED_AVAILABILITY = YES_AGGRESSIVE;
				CLANG_WARN_UNREACHABLE_CODE = YES;
				CLANG_WARN__DUPLICATE_METHOD_MATCH = YES;
				COPY_PHASE_STRIP = NO;
				DEBUG_INFORMATION_FORMAT = "dwarf-with-dsym";
				ENABLE_NS_ASSERTIONS = NO;
				ENABLE_STRICT_OBJC_MSGSEND = YES;
				GCC_C_LANGUAGE_STANDARD = gnu11;
				GCC_NO_COMMON_BLOCKS = YES;
				GCC_WARN_64_TO_32_BIT_CONVERSION = YES;
				GCC_WARN_ABOUT_RETURN_TYPE = YES_ERROR;
				GCC_WARN_UNDECLARED_SELECTOR = YES;
				GCC_WARN_UNINITIALIZED_AUTOS = YES_AGGRESSIVE;
				GCC_WARN_UNUSED_FUNCTION = YES;
				GCC_WARN_UNUSED_VARIABLE = YES;
				IPHONEOS_DEPLOYMENT_TARGET = 15.2;
				MTL_ENABLE_DEBUG_INFO = NO;
				MTL_FAST_MATH = YES;
				SDKROOT = iphoneos;
				SWIFT_COMPILATION_MODE = wholemodule;
				SWIFT_OPTIMIZATION_LEVEL = "-O";
				VALIDATE_PRODUCT = YES;
			};
			name = Release;
		};
		B612198727AE63D8006AEAC9 /* Debug */ = {
			isa = XCBuildConfiguration;
			baseConfigurationReference = A13E1CA83C486F307794D8D4 /* Pods-BindingTest.debug.xcconfig */;
			buildSettings = {
				ASSETCATALOG_COMPILER_APPICON_NAME = AppIcon;
				ASSETCATALOG_COMPILER_GLOBAL_ACCENT_COLOR_NAME = AccentColor;
				CODE_SIGN_STYLE = Automatic;
				CURRENT_PROJECT_VERSION = 1;
				DEVELOPMENT_TEAM = 2L2K3UD2LK;
				GENERATE_INFOPLIST_FILE = YES;
				INFOPLIST_FILE = BindingTest/Info.plist;
				INFOPLIST_KEY_UIApplicationSupportsIndirectInputEvents = YES;
				INFOPLIST_KEY_UILaunchStoryboardName = LaunchScreen;
				INFOPLIST_KEY_UIMainStoryboardFile = Main;
				INFOPLIST_KEY_UISupportedInterfaceOrientations_iPad = "UIInterfaceOrientationPortrait UIInterfaceOrientationPortraitUpsideDown UIInterfaceOrientationLandscapeLeft UIInterfaceOrientationLandscapeRight";
				INFOPLIST_KEY_UISupportedInterfaceOrientations_iPhone = "UIInterfaceOrientationPortrait UIInterfaceOrientationLandscapeLeft UIInterfaceOrientationLandscapeRight";
				LD_RUNPATH_SEARCH_PATHS = (
					"$(inherited)",
					"@executable_path/Frameworks",
				);
				MARKETING_VERSION = 1.0;
				PRODUCT_BUNDLE_IDENTIFIER = com.sangheon.BindingTest;
				PRODUCT_NAME = "$(TARGET_NAME)";
				SWIFT_EMIT_LOC_STRINGS = YES;
				SWIFT_VERSION = 5.0;
				TARGETED_DEVICE_FAMILY = "1,2";
			};
			name = Debug;
		};
		B612198827AE63D8006AEAC9 /* Release */ = {
			isa = XCBuildConfiguration;
			baseConfigurationReference = 5F56BDD27377E78285C2455D /* Pods-BindingTest.release.xcconfig */;
			buildSettings = {
				ASSETCATALOG_COMPILER_APPICON_NAME = AppIcon;
				ASSETCATALOG_COMPILER_GLOBAL_ACCENT_COLOR_NAME = AccentColor;
				CODE_SIGN_STYLE = Automatic;
				CURRENT_PROJECT_VERSION = 1;
				DEVELOPMENT_TEAM = 2L2K3UD2LK;
				GENERATE_INFOPLIST_FILE = YES;
				INFOPLIST_FILE = BindingTest/Info.plist;
				INFOPLIST_KEY_UIApplicationSupportsIndirectInputEvents = YES;
				INFOPLIST_KEY_UILaunchStoryboardName = LaunchScreen;
				INFOPLIST_KEY_UIMainStoryboardFile = Main;
				INFOPLIST_KEY_UISupportedInterfaceOrientations_iPad = "UIInterfaceOrientationPortrait UIInterfaceOrientationPortraitUpsideDown UIInterfaceOrientationLandscapeLeft UIInterfaceOrientationLandscapeRight";
				INFOPLIST_KEY_UISupportedInterfaceOrientations_iPhone = "UIInterfaceOrientationPortrait UIInterfaceOrientationLandscapeLeft UIInterfaceOrientationLandscapeRight";
				LD_RUNPATH_SEARCH_PATHS = (
					"$(inherited)",
					"@executable_path/Frameworks",
				);
				MARKETING_VERSION = 1.0;
				PRODUCT_BUNDLE_IDENTIFIER = com.sangheon.BindingTest;
				PRODUCT_NAME = "$(TARGET_NAME)";
				SWIFT_EMIT_LOC_STRINGS = YES;
				SWIFT_VERSION = 5.0;
				TARGETED_DEVICE_FAMILY = "1,2";
			};
			name = Release;
		};
/* End XCBuildConfiguration section */

/* Begin XCConfigurationList section */
		B612196D27AE63D4006AEAC9 /* Build configuration list for PBXProject "BindingTest" */ = {
			isa = XCConfigurationList;
			buildConfigurations = (
				B612198427AE63D8006AEAC9 /* Debug */,
				B612198527AE63D8006AEAC9 /* Release */,
			);
			defaultConfigurationIsVisible = 0;
			defaultConfigurationName = Release;
		};
		B612198627AE63D8006AEAC9 /* Build configuration list for PBXNativeTarget "BindingTest" */ = {
			isa = XCConfigurationList;
			buildConfigurations = (
				B612198727AE63D8006AEAC9 /* Debug */,
				B612198827AE63D8006AEAC9 /* Release */,
			);
			defaultConfigurationIsVisible = 0;
			defaultConfigurationName = Release;
		};
/* End XCConfigurationList section */
	};
	rootObject = B612196A27AE63D4006AEAC9 /* Project object */;
}
