// !$*UTF8*$!
{
	archiveVersion = 1;
	classes = {
	};
	objectVersion = 52;
	objects = {

/* Begin PBXBuildFile section */
		B6137EA32725904800DA5A6B /* AppDelegate.swift in Sources */ = {isa = PBXBuildFile; fileRef = B6137EA22725904800DA5A6B /* AppDelegate.swift */; };
		B6137EA52725904800DA5A6B /* SceneDelegate.swift in Sources */ = {isa = PBXBuildFile; fileRef = B6137EA42725904800DA5A6B /* SceneDelegate.swift */; };
		B6137EA72725904800DA5A6B /* MainTableViewController.swift in Sources */ = {isa = PBXBuildFile; fileRef = B6137EA62725904800DA5A6B /* MainTableViewController.swift */; };
		B6137EAA2725904800DA5A6B /* Main.storyboard in Resources */ = {isa = PBXBuildFile; fileRef = B6137EA82725904800DA5A6B /* Main.storyboard */; };
		B6137EAC2725905500DA5A6B /* Assets.xcassets in Resources */ = {isa = PBXBuildFile; fileRef = B6137EAB2725905500DA5A6B /* Assets.xcassets */; };
		B6137EAF2725905500DA5A6B /* LaunchScreen.storyboard in Resources */ = {isa = PBXBuildFile; fileRef = B6137EAD2725905500DA5A6B /* LaunchScreen.storyboard */; };
		B6137EBA2725979100DA5A6B /* GifTableViewCell.swift in Sources */ = {isa = PBXBuildFile; fileRef = B6137EB92725979100DA5A6B /* GifTableViewCell.swift */; };
		B6137EC2272597C100DA5A6B /* ApiController.swift in Sources */ = {isa = PBXBuildFile; fileRef = B6137EC1272597C100DA5A6B /* ApiController.swift */; };
		B6137EC6272597CF00DA5A6B /* URLSession+Rx.swift in Sources */ = {isa = PBXBuildFile; fileRef = B6137EC5272597CF00DA5A6B /* URLSession+Rx.swift */; };
		B6137ECA27259B6C00DA5A6B /* RxRelay in Frameworks */ = {isa = PBXBuildFile; productRef = B6137EC927259B6C00DA5A6B /* RxRelay */; };
		B6137ECC27259B6C00DA5A6B /* RxCocoa in Frameworks */ = {isa = PBXBuildFile; productRef = B6137ECB27259B6C00DA5A6B /* RxCocoa */; };
		B6137ECE27259B6C00DA5A6B /* RxSwift in Frameworks */ = {isa = PBXBuildFile; productRef = B6137ECD27259B6C00DA5A6B /* RxSwift */; };
		B6137ED227259D7F00DA5A6B /* Gifu in Frameworks */ = {isa = PBXBuildFile; productRef = B6137ED127259D7F00DA5A6B /* Gifu */; };
		B6137ED62725A58A00DA5A6B /* SwiftyJSON in Frameworks */ = {isa = PBXBuildFile; productRef = B6137ED52725A58A00DA5A6B /* SwiftyJSON */; };
/* End PBXBuildFile section */

/* Begin PBXFileReference section */
		B6137E9F2725904800DA5A6B /* IGif.app */ = {isa = PBXFileReference; explicitFileType = wrapper.application; includeInIndex = 0; path = IGif.app; sourceTree = BUILT_PRODUCTS_DIR; };
		B6137EA22725904800DA5A6B /* AppDelegate.swift */ = {isa = PBXFileReference; lastKnownFileType = sourcecode.swift; path = AppDelegate.swift; sourceTree = "<group>"; };
		B6137EA42725904800DA5A6B /* SceneDelegate.swift */ = {isa = PBXFileReference; lastKnownFileType = sourcecode.swift; path = SceneDelegate.swift; sourceTree = "<group>"; };
		B6137EA62725904800DA5A6B /* MainTableViewController.swift */ = {isa = PBXFileReference; lastKnownFileType = sourcecode.swift; path = MainTableViewController.swift; sourceTree = "<group>"; };
		B6137EA92725904800DA5A6B /* Base */ = {isa = PBXFileReference; lastKnownFileType = file.storyboard; name = Base; path = Base.lproj/Main.storyboard; sourceTree = "<group>"; };
		B6137EAB2725905500DA5A6B /* Assets.xcassets */ = {isa = PBXFileReference; lastKnownFileType = folder.assetcatalog; path = Assets.xcassets; sourceTree = "<group>"; };
		B6137EAE2725905500DA5A6B /* Base */ = {isa = PBXFileReference; lastKnownFileType = file.storyboard; name = Base; path = Base.lproj/LaunchScreen.storyboard; sourceTree = "<group>"; };
		B6137EB02725905500DA5A6B /* Info.plist */ = {isa = PBXFileReference; lastKnownFileType = text.plist.xml; path = Info.plist; sourceTree = "<group>"; };
		B6137EB92725979100DA5A6B /* GifTableViewCell.swift */ = {isa = PBXFileReference; lastKnownFileType = sourcecode.swift; path = GifTableViewCell.swift; sourceTree = "<group>"; };
		B6137EC1272597C100DA5A6B /* ApiController.swift */ = {isa = PBXFileReference; lastKnownFileType = sourcecode.swift; path = ApiController.swift; sourceTree = "<group>"; };
		B6137EC5272597CF00DA5A6B /* URLSession+Rx.swift */ = {isa = PBXFileReference; lastKnownFileType = sourcecode.swift; path = "URLSession+Rx.swift"; sourceTree = "<group>"; };
/* End PBXFileReference section */

/* Begin PBXFrameworksBuildPhase section */
		B6137E9C2725904800DA5A6B /* Frameworks */ = {
			isa = PBXFrameworksBuildPhase;
			buildActionMask = 2147483647;
			files = (
				B6137ECE27259B6C00DA5A6B /* RxSwift in Frameworks */,
				B6137ECC27259B6C00DA5A6B /* RxCocoa in Frameworks */,
				B6137ECA27259B6C00DA5A6B /* RxRelay in Frameworks */,
				B6137ED62725A58A00DA5A6B /* SwiftyJSON in Frameworks */,
				B6137ED227259D7F00DA5A6B /* Gifu in Frameworks */,
			);
			runOnlyForDeploymentPostprocessing = 0;
		};
/* End PBXFrameworksBuildPhase section */

/* Begin PBXGroup section */
		B6137E962725904800DA5A6B = {
			isa = PBXGroup;
			children = (
				B6137EA12725904800DA5A6B /* IGif */,
				B6137EA02725904800DA5A6B /* Products */,
			);
			sourceTree = "<group>";
		};
		B6137EA02725904800DA5A6B /* Products */ = {
			isa = PBXGroup;
			children = (
				B6137E9F2725904800DA5A6B /* IGif.app */,
			);
			name = Products;
			sourceTree = "<group>";
		};
		B6137EA12725904800DA5A6B /* IGif */ = {
			isa = PBXGroup;
			children = (
				B6137EC0272597AF00DA5A6B /* Extension */,
				B6137EBF272597AB00DA5A6B /* Controller */,
				B6137EBC2725979600DA5A6B /* View */,
				B6137EA22725904800DA5A6B /* AppDelegate.swift */,
				B6137EA42725904800DA5A6B /* SceneDelegate.swift */,
				B6137EA62725904800DA5A6B /* MainTableViewController.swift */,
				B6137EA82725904800DA5A6B /* Main.storyboard */,
				B6137EAB2725905500DA5A6B /* Assets.xcassets */,
				B6137EAD2725905500DA5A6B /* LaunchScreen.storyboard */,
				B6137EB02725905500DA5A6B /* Info.plist */,
			);
			path = IGif;
			sourceTree = "<group>";
		};
		B6137EBC2725979600DA5A6B /* View */ = {
			isa = PBXGroup;
			children = (
				B6137EB92725979100DA5A6B /* GifTableViewCell.swift */,
			);
			path = View;
			sourceTree = "<group>";
		};
		B6137EBF272597AB00DA5A6B /* Controller */ = {
			isa = PBXGroup;
			children = (
				B6137EC1272597C100DA5A6B /* ApiController.swift */,
			);
			path = Controller;
			sourceTree = "<group>";
		};
		B6137EC0272597AF00DA5A6B /* Extension */ = {
			isa = PBXGroup;
			children = (
				B6137EC5272597CF00DA5A6B /* URLSession+Rx.swift */,
			);
			path = Extension;
			sourceTree = "<group>";
		};
/* End PBXGroup section */

/* Begin PBXNativeTarget section */
		B6137E9E2725904800DA5A6B /* IGif */ = {
			isa = PBXNativeTarget;
			buildConfigurationList = B6137EB32725905500DA5A6B /* Build configuration list for PBXNativeTarget "IGif" */;
			buildPhases = (
				B6137E9B2725904800DA5A6B /* Sources */,
				B6137E9C2725904800DA5A6B /* Frameworks */,
				B6137E9D2725904800DA5A6B /* Resources */,
			);
			buildRules = (
			);
			dependencies = (
			);
			name = IGif;
			packageProductDependencies = (
				B6137EC927259B6C00DA5A6B /* RxRelay */,
				B6137ECB27259B6C00DA5A6B /* RxCocoa */,
				B6137ECD27259B6C00DA5A6B /* RxSwift */,
				B6137ED127259D7F00DA5A6B /* Gifu */,
				B6137ED52725A58A00DA5A6B /* SwiftyJSON */,
			);
			productName = IGif;
			productReference = B6137E9F2725904800DA5A6B /* IGif.app */;
			productType = "com.apple.product-type.application";
		};
/* End PBXNativeTarget section */

/* Begin PBXProject section */
		B6137E972725904800DA5A6B /* Project object */ = {
			isa = PBXProject;
			attributes = {
				LastSwiftUpdateCheck = 1230;
				LastUpgradeCheck = 1230;
				TargetAttributes = {
					B6137E9E2725904800DA5A6B = {
						CreatedOnToolsVersion = 12.3;
					};
				};
			};
			buildConfigurationList = B6137E9A2725904800DA5A6B /* Build configuration list for PBXProject "IGif" */;
			compatibilityVersion = "Xcode 9.3";
			developmentRegion = en;
			hasScannedForEncodings = 0;
			knownRegions = (
				en,
				Base,
			);
			mainGroup = B6137E962725904800DA5A6B;
			packageReferences = (
				B6137EC827259B6C00DA5A6B /* XCRemoteSwiftPackageReference "RxSwift" */,
				B6137ED027259D7F00DA5A6B /* XCRemoteSwiftPackageReference "Gifu" */,
				B6137ED42725A58A00DA5A6B /* XCRemoteSwiftPackageReference "SwiftyJSON" */,
			);
			productRefGroup = B6137EA02725904800DA5A6B /* Products */;
			projectDirPath = "";
			projectRoot = "";
			targets = (
				B6137E9E2725904800DA5A6B /* IGif */,
			);
		};
/* End PBXProject section */

/* Begin PBXResourcesBuildPhase section */
		B6137E9D2725904800DA5A6B /* Resources */ = {
			isa = PBXResourcesBuildPhase;
			buildActionMask = 2147483647;
			files = (
				B6137EAF2725905500DA5A6B /* LaunchScreen.storyboard in Resources */,
				B6137EAC2725905500DA5A6B /* Assets.xcassets in Resources */,
				B6137EAA2725904800DA5A6B /* Main.storyboard in Resources */,
			);
			runOnlyForDeploymentPostprocessing = 0;
		};
/* End PBXResourcesBuildPhase section */

/* Begin PBXSourcesBuildPhase section */
		B6137E9B2725904800DA5A6B /* Sources */ = {
			isa = PBXSourcesBuildPhase;
			buildActionMask = 2147483647;
			files = (
				B6137EC6272597CF00DA5A6B /* URLSession+Rx.swift in Sources */,
				B6137EA72725904800DA5A6B /* MainTableViewController.swift in Sources */,
				B6137EA32725904800DA5A6B /* AppDelegate.swift in Sources */,
				B6137EC2272597C100DA5A6B /* ApiController.swift in Sources */,
				B6137EBA2725979100DA5A6B /* GifTableViewCell.swift in Sources */,
				B6137EA52725904800DA5A6B /* SceneDelegate.swift in Sources */,
			);
			runOnlyForDeploymentPostprocessing = 0;
		};
/* End PBXSourcesBuildPhase section */

/* Begin PBXVariantGroup section */
		B6137EA82725904800DA5A6B /* Main.storyboard */ = {
			isa = PBXVariantGroup;
			children = (
				B6137EA92725904800DA5A6B /* Base */,
			);
			name = Main.storyboard;
			sourceTree = "<group>";
		};
		B6137EAD2725905500DA5A6B /* LaunchScreen.storyboard */ = {
			isa = PBXVariantGroup;
			children = (
				B6137EAE2725905500DA5A6B /* Base */,
			);
			name = LaunchScreen.storyboard;
			sourceTree = "<group>";
		};
/* End PBXVariantGroup section */

/* Begin XCBuildConfiguration section */
		B6137EB12725905500DA5A6B /* Debug */ = {
			isa = XCBuildConfiguration;
			buildSettings = {
				ALWAYS_SEARCH_USER_PATHS = NO;
				CLANG_ANALYZER_NONNULL = YES;
				CLANG_ANALYZER_NUMBER_OBJECT_CONVERSION = YES_AGGRESSIVE;
				CLANG_CXX_LANGUAGE_STANDARD = "gnu++14";
				CLANG_CXX_LIBRARY = "libc++";
				CLANG_ENABLE_MODULES = YES;
				CLANG_ENABLE_OBJC_ARC = YES;
				CLANG_ENABLE_OBJC_WEAK = YES;
				CLANG_WARN_BLOCK_CAPTURE_AUTORELEASING = YES;
				CLANG_WARN_BOOL_CONVERSION = YES;
				CLANG_WARN_COMMA = YES;
				CLANG_WARN_CONSTANT_CONVERSION = YES;
				CLANG_WARN_DEPRECATED_OBJC_IMPLEMENTATIONS = YES;
				CLANG_WARN_DIRECT_OBJC_ISA_USAGE = YES_ERROR;
				CLANG_WARN_DOCUMENTATION_COMMENTS = YES;
				CLANG_WARN_EMPTY_BODY = YES;
				CLANG_WARN_ENUM_CONVERSION = YES;
				CLANG_WARN_INFINITE_RECURSION = YES;
				CLANG_WARN_INT_CONVERSION = YES;
				CLANG_WARN_NON_LITERAL_NULL_CONVERSION = YES;
				CLANG_WARN_OBJC_IMPLICIT_RETAIN_SELF = YES;
				CLANG_WARN_OBJC_LITERAL_CONVERSION = YES;
				CLANG_WARN_OBJC_ROOT_CLASS = YES_ERROR;
				CLANG_WARN_QUOTED_INCLUDE_IN_FRAMEWORK_HEADER = YES;
				CLANG_WARN_RANGE_LOOP_ANALYSIS = YES;
				CLANG_WARN_STRICT_PROTOTYPES = YES;
				CLANG_WARN_SUSPICIOUS_MOVE = YES;
				CLANG_WARN_UNGUARDED_AVAILABILITY = YES_AGGRESSIVE;
				CLANG_WARN_UNREACHABLE_CODE = YES;
				CLANG_WARN__DUPLICATE_METHOD_MATCH = YES;
				COPY_PHASE_STRIP = NO;
				DEBUG_INFORMATION_FORMAT = dwarf;
				ENABLE_STRICT_OBJC_MSGSEND = YES;
				ENABLE_TESTABILITY = YES;
				GCC_C_LANGUAGE_STANDARD = gnu11;
				GCC_DYNAMIC_NO_PIC = NO;
				GCC_NO_COMMON_BLOCKS = YES;
				GCC_OPTIMIZATION_LEVEL = 0;
				GCC_PREPROCESSOR_DEFINITIONS = (
					"DEBUG=1",
					"$(inherited)",
				);
				GCC_WARN_64_TO_32_BIT_CONVERSION = YES;
				GCC_WARN_ABOUT_RETURN_TYPE = YES_ERROR;
				GCC_WARN_UNDECLARED_SELECTOR = YES;
				GCC_WARN_UNINITIALIZED_AUTOS = YES_AGGRESSIVE;
				GCC_WARN_UNUSED_FUNCTION = YES;
				GCC_WARN_UNUSED_VARIABLE = YES;
				IPHONEOS_DEPLOYMENT_TARGET = 14.0;
				MTL_ENABLE_DEBUG_INFO = INCLUDE_SOURCE;
				MTL_FAST_MATH = YES;
				ONLY_ACTIVE_ARCH = YES;
				SDKROOT = iphoneos;
				SWIFT_ACTIVE_COMPILATION_CONDITIONS = DEBUG;
				SWIFT_OPTIMIZATION_LEVEL = "-Onone";
			};
			name = Debug;
		};
		B6137EB22725905500DA5A6B /* Release */ = {
			isa = XCBuildConfiguration;
			buildSettings = {
				ALWAYS_SEARCH_USER_PATHS = NO;
				CLANG_ANALYZER_NONNULL = YES;
				CLANG_ANALYZER_NUMBER_OBJECT_CONVERSION = YES_AGGRESSIVE;
				CLANG_CXX_LANGUAGE_STANDARD = "gnu++14";
				CLANG_CXX_LIBRARY = "libc++";
				CLANG_ENABLE_MODULES = YES;
				CLANG_ENABLE_OBJC_ARC = YES;
				CLANG_ENABLE_OBJC_WEAK = YES;
				CLANG_WARN_BLOCK_CAPTURE_AUTORELEASING = YES;
				CLANG_WARN_BOOL_CONVERSION = YES;
				CLANG_WARN_COMMA = YES;
				CLANG_WARN_CONSTANT_CONVERSION = YES;
				CLANG_WARN_DEPRECATED_OBJC_IMPLEMENTATIONS = YES;
				CLANG_WARN_DIRECT_OBJC_ISA_USAGE = YES_ERROR;
				CLANG_WARN_DOCUMENTATION_COMMENTS = YES;
				CLANG_WARN_EMPTY_BODY = YES;
				CLANG_WARN_ENUM_CONVERSION = YES;
				CLANG_WARN_INFINITE_RECURSION = YES;
				CLANG_WARN_INT_CONVERSION = YES;
				CLANG_WARN_NON_LITERAL_NULL_CONVERSION = YES;
				CLANG_WARN_OBJC_IMPLICIT_RETAIN_SELF = YES;
				CLANG_WARN_OBJC_LITERAL_CONVERSION = YES;
				CLANG_WARN_OBJC_ROOT_CLASS = YES_ERROR;
				CLANG_WARN_QUOTED_INCLUDE_IN_FRAMEWORK_HEADER = YES;
				CLANG_WARN_RANGE_LOOP_ANALYSIS = YES;
				CLANG_WARN_STRICT_PROTOTYPES = YES;
				CLANG_WARN_SUSPICIOUS_MOVE = YES;
				CLANG_WARN_UNGUARDED_AVAILABILITY = YES_AGGRESSIVE;
				CLANG_WARN_UNREACHABLE_CODE = YES;
				CLANG_WARN__DUPLICATE_METHOD_MATCH = YES;
				COPY_PHASE_STRIP = NO;
				DEBUG_INFORMATION_FORMAT = "dwarf-with-dsym";
				ENABLE_NS_ASSERTIONS = NO;
				ENABLE_STRICT_OBJC_MSGSEND = YES;
				GCC_C_LANGUAGE_STANDARD = gnu11;
				GCC_NO_COMMON_BLOCKS = YES;
				GCC_WARN_64_TO_32_BIT_CONVERSION = YES;
				GCC_WARN_ABOUT_RETURN_TYPE = YES_ERROR;
				GCC_WARN_UNDECLARED_SELECTOR = YES;
				GCC_WARN_UNINITIALIZED_AUTOS = YES_AGGRESSIVE;
				GCC_WARN_UNUSED_FUNCTION = YES;
				GCC_WARN_UNUSED_VARIABLE = YES;
				IPHONEOS_DEPLOYMENT_TARGET = 14.0;
				MTL_ENABLE_DEBUG_INFO = NO;
				MTL_FAST_MATH = YES;
				SDKROOT = iphoneos;
				SWIFT_COMPILATION_MODE = wholemodule;
				SWIFT_OPTIMIZATION_LEVEL = "-O";
				VALIDATE_PRODUCT = YES;
			};
			name = Release;
		};
		B6137EB42725905500DA5A6B /* Debug */ = {
			isa = XCBuildConfiguration;
			buildSettings = {
				ASSETCATALOG_COMPILER_APPICON_NAME = AppIcon;
				ASSETCATALOG_COMPILER_GLOBAL_ACCENT_COLOR_NAME = AccentColor;
				CODE_SIGN_STYLE = Automatic;
				DEVELOPMENT_TEAM = 2L2K3UD2LK;
				INFOPLIST_FILE = IGif/Info.plist;
				LD_RUNPATH_SEARCH_PATHS = (
					"$(inherited)",
					"@executable_path/Frameworks",
				);
				PRODUCT_BUNDLE_IDENTIFIER = com.sangheon.IGif;
				PRODUCT_NAME = "$(TARGET_NAME)";
				SWIFT_VERSION = 5.0;
				TARGETED_DEVICE_FAMILY = "1,2";
			};
			name = Debug;
		};
		B6137EB52725905500DA5A6B /* Release */ = {
			isa = XCBuildConfiguration;
			buildSettings = {
				ASSETCATALOG_COMPILER_APPICON_NAME = AppIcon;
				ASSETCATALOG_COMPILER_GLOBAL_ACCENT_COLOR_NAME = AccentColor;
				CODE_SIGN_STYLE = Automatic;
				DEVELOPMENT_TEAM = 2L2K3UD2LK;
				INFOPLIST_FILE = IGif/Info.plist;
				LD_RUNPATH_SEARCH_PATHS = (
					"$(inherited)",
					"@executable_path/Frameworks",
				);
				PRODUCT_BUNDLE_IDENTIFIER = com.sangheon.IGif;
				PRODUCT_NAME = "$(TARGET_NAME)";
				SWIFT_VERSION = 5.0;
				TARGETED_DEVICE_FAMILY = "1,2";
			};
			name = Release;
		};
/* End XCBuildConfiguration section */

/* Begin XCConfigurationList section */
		B6137E9A2725904800DA5A6B /* Build configuration list for PBXProject "IGif" */ = {
			isa = XCConfigurationList;
			buildConfigurations = (
				B6137EB12725905500DA5A6B /* Debug */,
				B6137EB22725905500DA5A6B /* Release */,
			);
			defaultConfigurationIsVisible = 0;
			defaultConfigurationName = Release;
		};
		B6137EB32725905500DA5A6B /* Build configuration list for PBXNativeTarget "IGif" */ = {
			isa = XCConfigurationList;
			buildConfigurations = (
				B6137EB42725905500DA5A6B /* Debug */,
				B6137EB52725905500DA5A6B /* Release */,
			);
			defaultConfigurationIsVisible = 0;
			defaultConfigurationName = Release;
		};
/* End XCConfigurationList section */

/* Begin XCRemoteSwiftPackageReference section */
		B6137EC827259B6C00DA5A6B /* XCRemoteSwiftPackageReference "RxSwift" */ = {
			isa = XCRemoteSwiftPackageReference;
			repositoryURL = "https://github.com/ReactiveX/RxSwift";
			requirement = {
				kind = upToNextMajorVersion;
				minimumVersion = 6.2.0;
			};
		};
		B6137ED027259D7F00DA5A6B /* XCRemoteSwiftPackageReference "Gifu" */ = {
			isa = XCRemoteSwiftPackageReference;
			repositoryURL = "https://github.com/kaishin/Gifu";
			requirement = {
				kind = upToNextMajorVersion;
				minimumVersion = 3.3.1;
			};
		};
		B6137ED42725A58A00DA5A6B /* XCRemoteSwiftPackageReference "SwiftyJSON" */ = {
			isa = XCRemoteSwiftPackageReference;
			repositoryURL = "https://github.com/SwiftyJSON/SwiftyJSON";
			requirement = {
				kind = upToNextMajorVersion;
				minimumVersion = 5.0.1;
			};
		};
/* End XCRemoteSwiftPackageReference section */

/* Begin XCSwiftPackageProductDependency section */
		B6137EC927259B6C00DA5A6B /* RxRelay */ = {
			isa = XCSwiftPackageProductDependency;
			package = B6137EC827259B6C00DA5A6B /* XCRemoteSwiftPackageReference "RxSwift" */;
			productName = RxRelay;
		};
		B6137ECB27259B6C00DA5A6B /* RxCocoa */ = {
			isa = XCSwiftPackageProductDependency;
			package = B6137EC827259B6C00DA5A6B /* XCRemoteSwiftPackageReference "RxSwift" */;
			productName = RxCocoa;
		};
		B6137ECD27259B6C00DA5A6B /* RxSwift */ = {
			isa = XCSwiftPackageProductDependency;
			package = B6137EC827259B6C00DA5A6B /* XCRemoteSwiftPackageReference "RxSwift" */;
			productName = RxSwift;
		};
		B6137ED127259D7F00DA5A6B /* Gifu */ = {
			isa = XCSwiftPackageProductDependency;
			package = B6137ED027259D7F00DA5A6B /* XCRemoteSwiftPackageReference "Gifu" */;
			productName = Gifu;
		};
		B6137ED52725A58A00DA5A6B /* SwiftyJSON */ = {
			isa = XCSwiftPackageProductDependency;
			package = B6137ED42725A58A00DA5A6B /* XCRemoteSwiftPackageReference "SwiftyJSON" */;
			productName = SwiftyJSON;
		};
/* End XCSwiftPackageProductDependency section */
	};
	rootObject = B6137E972725904800DA5A6B /* Project object */;
}
