// !$*UTF8*$!
{
	archiveVersion = 1;
	classes = {
	};
	objectVersion = 51;
	objects = {

/* Begin PBXBuildFile section */
		917070266296425AC5F40883 /* Pods_StockTutorial.framework in Frameworks */ = {isa = PBXBuildFile; fileRef = 8A72998FC00337B85E12ABA9 /* Pods_StockTutorial.framework */; };
		B66995DB27745EF40016D50E /* Stock.swift in Sources */ = {isa = PBXBuildFile; fileRef = B66995DA27745EF40016D50E /* Stock.swift */; };
		B66995DF2774628B0016D50E /* StockUseCase.swift in Sources */ = {isa = PBXBuildFile; fileRef = B66995DE2774628B0016D50E /* StockUseCase.swift */; };
		B66995E22774633E0016D50E /* StockListViewModel.swift in Sources */ = {isa = PBXBuildFile; fileRef = B66995E12774633E0016D50E /* StockListViewModel.swift */; };
		B6E6D4692773462D007CB4D4 /* AppDelegate.swift in Sources */ = {isa = PBXBuildFile; fileRef = B6E6D4682773462D007CB4D4 /* AppDelegate.swift */; };
		B6E6D46B2773462D007CB4D4 /* SceneDelegate.swift in Sources */ = {isa = PBXBuildFile; fileRef = B6E6D46A2773462D007CB4D4 /* SceneDelegate.swift */; };
		B6E6D46D2773462D007CB4D4 /* ViewController.swift in Sources */ = {isa = PBXBuildFile; fileRef = B6E6D46C2773462D007CB4D4 /* ViewController.swift */; };
		B6E6D47227734639007CB4D4 /* Assets.xcassets in Resources */ = {isa = PBXBuildFile; fileRef = B6E6D47127734639007CB4D4 /* Assets.xcassets */; };
		B6E6D47527734639007CB4D4 /* LaunchScreen.storyboard in Resources */ = {isa = PBXBuildFile; fileRef = B6E6D47327734639007CB4D4 /* LaunchScreen.storyboard */; };
		B6E6D48727734709007CB4D4 /* BaseViewController.swift in Sources */ = {isa = PBXBuildFile; fileRef = B6E6D48627734709007CB4D4 /* BaseViewController.swift */; };
		B6E6D48A27734BC2007CB4D4 /* StockListController.swift in Sources */ = {isa = PBXBuildFile; fileRef = B6E6D48927734BC2007CB4D4 /* StockListController.swift */; };
		B6E6D48D27734BFF007CB4D4 /* BaseView.swift in Sources */ = {isa = PBXBuildFile; fileRef = B6E6D48C27734BFF007CB4D4 /* BaseView.swift */; };
		B6E6D49027734C86007CB4D4 /* StockListView.swift in Sources */ = {isa = PBXBuildFile; fileRef = B6E6D48F27734C86007CB4D4 /* StockListView.swift */; };
		B6E6D49327734FF7007CB4D4 /* Coordinator.swift in Sources */ = {isa = PBXBuildFile; fileRef = B6E6D49227734FF7007CB4D4 /* Coordinator.swift */; };
		B6E6D49627735083007CB4D4 /* CompositonRoot.swift in Sources */ = {isa = PBXBuildFile; fileRef = B6E6D49527735083007CB4D4 /* CompositonRoot.swift */; };
		B6E6D4992773760F007CB4D4 /* MainCoordinator.swift in Sources */ = {isa = PBXBuildFile; fileRef = B6E6D4982773760F007CB4D4 /* MainCoordinator.swift */; };
		B6E6D49C277378B0007CB4D4 /* StockRepository.swift in Sources */ = {isa = PBXBuildFile; fileRef = B6E6D49B277378B0007CB4D4 /* StockRepository.swift */; };
		B6E6D49F27737AB4007CB4D4 /* StockRepositoryImpl.swift in Sources */ = {isa = PBXBuildFile; fileRef = B6E6D49E27737AB4007CB4D4 /* StockRepositoryImpl.swift */; };
		B6EBA4522775A89E00FED10C /* LoadingView.swift in Sources */ = {isa = PBXBuildFile; fileRef = B6EBA4512775A89E00FED10C /* LoadingView.swift */; };
		B6EBA4562775AAC800FED10C /* Font.swift in Sources */ = {isa = PBXBuildFile; fileRef = B6EBA4552775AAC800FED10C /* Font.swift */; };
		B6EBA4592775AB8300FED10C /* StockCell.swift in Sources */ = {isa = PBXBuildFile; fileRef = B6EBA4582775AB8300FED10C /* StockCell.swift */; };
		B6EBA45C2775BDBE00FED10C /* StockList+TableView.swift in Sources */ = {isa = PBXBuildFile; fileRef = B6EBA45B2775BDBE00FED10C /* StockList+TableView.swift */; };
/* End PBXBuildFile section */

/* Begin PBXFileReference section */
		17F5CEFB948EAAAAD802B706 /* Pods-StockTutorial.debug.xcconfig */ = {isa = PBXFileReference; includeInIndex = 1; lastKnownFileType = text.xcconfig; name = "Pods-StockTutorial.debug.xcconfig"; path = "Target Support Files/Pods-StockTutorial/Pods-StockTutorial.debug.xcconfig"; sourceTree = "<group>"; };
		686C614ED234C32EACB84F4A /* Pods-StockTutorial.release.xcconfig */ = {isa = PBXFileReference; includeInIndex = 1; lastKnownFileType = text.xcconfig; name = "Pods-StockTutorial.release.xcconfig"; path = "Target Support Files/Pods-StockTutorial/Pods-StockTutorial.release.xcconfig"; sourceTree = "<group>"; };
		8A72998FC00337B85E12ABA9 /* Pods_StockTutorial.framework */ = {isa = PBXFileReference; explicitFileType = wrapper.framework; includeInIndex = 0; path = Pods_StockTutorial.framework; sourceTree = BUILT_PRODUCTS_DIR; };
		B66995DA27745EF40016D50E /* Stock.swift */ = {isa = PBXFileReference; lastKnownFileType = sourcecode.swift; path = Stock.swift; sourceTree = "<group>"; };
		B66995DE2774628B0016D50E /* StockUseCase.swift */ = {isa = PBXFileReference; lastKnownFileType = sourcecode.swift; path = StockUseCase.swift; sourceTree = "<group>"; };
		B66995E12774633E0016D50E /* StockListViewModel.swift */ = {isa = PBXFileReference; lastKnownFileType = sourcecode.swift; path = StockListViewModel.swift; sourceTree = "<group>"; };
		B6E6D4652773462D007CB4D4 /* StockTutorial.app */ = {isa = PBXFileReference; explicitFileType = wrapper.application; includeInIndex = 0; path = StockTutorial.app; sourceTree = BUILT_PRODUCTS_DIR; };
		B6E6D4682773462D007CB4D4 /* AppDelegate.swift */ = {isa = PBXFileReference; lastKnownFileType = sourcecode.swift; path = AppDelegate.swift; sourceTree = "<group>"; };
		B6E6D46A2773462D007CB4D4 /* SceneDelegate.swift */ = {isa = PBXFileReference; lastKnownFileType = sourcecode.swift; path = SceneDelegate.swift; sourceTree = "<group>"; };
		B6E6D46C2773462D007CB4D4 /* ViewController.swift */ = {isa = PBXFileReference; lastKnownFileType = sourcecode.swift; path = ViewController.swift; sourceTree = "<group>"; };
		B6E6D47127734639007CB4D4 /* Assets.xcassets */ = {isa = PBXFileReference; lastKnownFileType = folder.assetcatalog; path = Assets.xcassets; sourceTree = "<group>"; };
		B6E6D47427734639007CB4D4 /* Base */ = {isa = PBXFileReference; lastKnownFileType = file.storyboard; name = Base; path = Base.lproj/LaunchScreen.storyboard; sourceTree = "<group>"; };
		B6E6D47627734639007CB4D4 /* Info.plist */ = {isa = PBXFileReference; lastKnownFileType = text.plist.xml; path = Info.plist; sourceTree = "<group>"; };
		B6E6D48627734709007CB4D4 /* BaseViewController.swift */ = {isa = PBXFileReference; lastKnownFileType = sourcecode.swift; path = BaseViewController.swift; sourceTree = "<group>"; };
		B6E6D48927734BC2007CB4D4 /* StockListController.swift */ = {isa = PBXFileReference; lastKnownFileType = sourcecode.swift; path = StockListController.swift; sourceTree = "<group>"; };
		B6E6D48C27734BFF007CB4D4 /* BaseView.swift */ = {isa = PBXFileReference; lastKnownFileType = sourcecode.swift; path = BaseView.swift; sourceTree = "<group>"; };
		B6E6D48F27734C86007CB4D4 /* StockListView.swift */ = {isa = PBXFileReference; lastKnownFileType = sourcecode.swift; path = StockListView.swift; sourceTree = "<group>"; };
		B6E6D49227734FF7007CB4D4 /* Coordinator.swift */ = {isa = PBXFileReference; lastKnownFileType = sourcecode.swift; path = Coordinator.swift; sourceTree = "<group>"; };
		B6E6D49527735083007CB4D4 /* CompositonRoot.swift */ = {isa = PBXFileReference; lastKnownFileType = sourcecode.swift; path = CompositonRoot.swift; sourceTree = "<group>"; };
		B6E6D4982773760F007CB4D4 /* MainCoordinator.swift */ = {isa = PBXFileReference; lastKnownFileType = sourcecode.swift; path = MainCoordinator.swift; sourceTree = "<group>"; };
		B6E6D49B277378B0007CB4D4 /* StockRepository.swift */ = {isa = PBXFileReference; lastKnownFileType = sourcecode.swift; path = StockRepository.swift; sourceTree = "<group>"; };
		B6E6D49E27737AB4007CB4D4 /* StockRepositoryImpl.swift */ = {isa = PBXFileReference; lastKnownFileType = sourcecode.swift; path = StockRepositoryImpl.swift; sourceTree = "<group>"; };
		B6EBA4512775A89E00FED10C /* LoadingView.swift */ = {isa = PBXFileReference; lastKnownFileType = sourcecode.swift; path = LoadingView.swift; sourceTree = "<group>"; };
		B6EBA4552775AAC800FED10C /* Font.swift */ = {isa = PBXFileReference; lastKnownFileType = sourcecode.swift; path = Font.swift; sourceTree = "<group>"; };
		B6EBA4582775AB8300FED10C /* StockCell.swift */ = {isa = PBXFileReference; lastKnownFileType = sourcecode.swift; path = StockCell.swift; sourceTree = "<group>"; };
		B6EBA45B2775BDBE00FED10C /* StockList+TableView.swift */ = {isa = PBXFileReference; lastKnownFileType = sourcecode.swift; path = "StockList+TableView.swift"; sourceTree = "<group>"; };
/* End PBXFileReference section */

/* Begin PBXFrameworksBuildPhase section */
		B6E6D4622773462D007CB4D4 /* Frameworks */ = {
			isa = PBXFrameworksBuildPhase;
			buildActionMask = 2147483647;
			files = (
				917070266296425AC5F40883 /* Pods_StockTutorial.framework in Frameworks */,
			);
			runOnlyForDeploymentPostprocessing = 0;
		};
/* End PBXFrameworksBuildPhase section */

/* Begin PBXGroup section */
		9BFB448B6057B36B53D39AC0 /* Pods */ = {
			isa = PBXGroup;
			children = (
				17F5CEFB948EAAAAD802B706 /* Pods-StockTutorial.debug.xcconfig */,
				686C614ED234C32EACB84F4A /* Pods-StockTutorial.release.xcconfig */,
			);
			path = Pods;
			sourceTree = "<group>";
		};
		9D4EB8E456A157B2E1CCE27B /* Frameworks */ = {
			isa = PBXGroup;
			children = (
				8A72998FC00337B85E12ABA9 /* Pods_StockTutorial.framework */,
			);
			name = Frameworks;
			sourceTree = "<group>";
		};
		B6E6D45C2773462D007CB4D4 = {
			isa = PBXGroup;
			children = (
				B6E6D4672773462D007CB4D4 /* StockTutorial */,
				B6E6D4662773462D007CB4D4 /* Products */,
				9BFB448B6057B36B53D39AC0 /* Pods */,
				9D4EB8E456A157B2E1CCE27B /* Frameworks */,
			);
			sourceTree = "<group>";
		};
		B6E6D4662773462D007CB4D4 /* Products */ = {
			isa = PBXGroup;
			children = (
				B6E6D4652773462D007CB4D4 /* StockTutorial.app */,
			);
			name = Products;
			sourceTree = "<group>";
		};
		B6E6D4672773462D007CB4D4 /* StockTutorial */ = {
			isa = PBXGroup;
			children = (
				B6E6D485277346F0007CB4D4 /* Domain */,
				B6E6D484277346E8007CB4D4 /* Repository */,
				B6E6D483277346E4007CB4D4 /* Model */,
				B6E6D482277346DF007CB4D4 /* Component */,
				B6E6D481277346DA007CB4D4 /* View */,
				B6E6D480277346D6007CB4D4 /* Controller */,
				B6E6D47F277346CA007CB4D4 /* Coordinator */,
				B6E6D47E277346BF007CB4D4 /* DI */,
				B6E6D4682773462D007CB4D4 /* AppDelegate.swift */,
				B6E6D46A2773462D007CB4D4 /* SceneDelegate.swift */,
				B6E6D46C2773462D007CB4D4 /* ViewController.swift */,
				B6E6D47127734639007CB4D4 /* Assets.xcassets */,
				B6E6D47327734639007CB4D4 /* LaunchScreen.storyboard */,
				B6E6D47627734639007CB4D4 /* Info.plist */,
			);
			path = StockTutorial;
			sourceTree = "<group>";
		};
		B6E6D47E277346BF007CB4D4 /* DI */ = {
			isa = PBXGroup;
			children = (
				B6E6D49527735083007CB4D4 /* CompositonRoot.swift */,
			);
			path = DI;
			sourceTree = "<group>";
		};
		B6E6D47F277346CA007CB4D4 /* Coordinator */ = {
			isa = PBXGroup;
			children = (
				B6E6D49227734FF7007CB4D4 /* Coordinator.swift */,
				B6E6D4982773760F007CB4D4 /* MainCoordinator.swift */,
			);
			path = Coordinator;
			sourceTree = "<group>";
		};
		B6E6D480277346D6007CB4D4 /* Controller */ = {
			isa = PBXGroup;
			children = (
				B6E6D48627734709007CB4D4 /* BaseViewController.swift */,
				B6E6D48927734BC2007CB4D4 /* StockListController.swift */,
				B66995E12774633E0016D50E /* StockListViewModel.swift */,
				B6EBA45B2775BDBE00FED10C /* StockList+TableView.swift */,
			);
			path = Controller;
			sourceTree = "<group>";
		};
		B6E6D481277346DA007CB4D4 /* View */ = {
			isa = PBXGroup;
			children = (
				B6E6D48C27734BFF007CB4D4 /* BaseView.swift */,
				B6E6D48F27734C86007CB4D4 /* StockListView.swift */,
				B6EBA4582775AB8300FED10C /* StockCell.swift */,
			);
			path = View;
			sourceTree = "<group>";
		};
		B6E6D482277346DF007CB4D4 /* Component */ = {
			isa = PBXGroup;
			children = (
				B6EBA4512775A89E00FED10C /* LoadingView.swift */,
				B6EBA4552775AAC800FED10C /* Font.swift */,
			);
			path = Component;
			sourceTree = "<group>";
		};
		B6E6D483277346E4007CB4D4 /* Model */ = {
			isa = PBXGroup;
			children = (
				B66995DA27745EF40016D50E /* Stock.swift */,
			);
			path = Model;
			sourceTree = "<group>";
		};
		B6E6D484277346E8007CB4D4 /* Repository */ = {
			isa = PBXGroup;
			children = (
				B6E6D49B277378B0007CB4D4 /* StockRepository.swift */,
				B6E6D49E27737AB4007CB4D4 /* StockRepositoryImpl.swift */,
			);
			path = Repository;
			sourceTree = "<group>";
		};
		B6E6D485277346F0007CB4D4 /* Domain */ = {
			isa = PBXGroup;
			children = (
				B66995DE2774628B0016D50E /* StockUseCase.swift */,
			);
			path = Domain;
			sourceTree = "<group>";
		};
/* End PBXGroup section */

/* Begin PBXNativeTarget section */
		B6E6D4642773462D007CB4D4 /* StockTutorial */ = {
			isa = PBXNativeTarget;
			buildConfigurationList = B6E6D47927734639007CB4D4 /* Build configuration list for PBXNativeTarget "StockTutorial" */;
			buildPhases = (
				B932748351A7502C9307B033 /* [CP] Check Pods Manifest.lock */,
				B6E6D4612773462D007CB4D4 /* Sources */,
				B6E6D4622773462D007CB4D4 /* Frameworks */,
				B6E6D4632773462D007CB4D4 /* Resources */,
				874659E8466372B28E9581F0 /* [CP] Embed Pods Frameworks */,
			);
			buildRules = (
			);
			dependencies = (
			);
			name = StockTutorial;
			productName = StockTutorial;
			productReference = B6E6D4652773462D007CB4D4 /* StockTutorial.app */;
			productType = "com.apple.product-type.application";
		};
/* End PBXNativeTarget section */

/* Begin PBXProject section */
		B6E6D45D2773462D007CB4D4 /* Project object */ = {
			isa = PBXProject;
			attributes = {
				LastSwiftUpdateCheck = 1230;
				LastUpgradeCheck = 1230;
				TargetAttributes = {
					B6E6D4642773462D007CB4D4 = {
						CreatedOnToolsVersion = 12.3;
					};
				};
			};
			buildConfigurationList = B6E6D4602773462D007CB4D4 /* Build configuration list for PBXProject "StockTutorial" */;
			compatibilityVersion = "Xcode 9.3";
			developmentRegion = en;
			hasScannedForEncodings = 0;
			knownRegions = (
				en,
				Base,
			);
			mainGroup = B6E6D45C2773462D007CB4D4;
			productRefGroup = B6E6D4662773462D007CB4D4 /* Products */;
			projectDirPath = "";
			projectRoot = "";
			targets = (
				B6E6D4642773462D007CB4D4 /* StockTutorial */,
			);
		};
/* End PBXProject section */

/* Begin PBXResourcesBuildPhase section */
		B6E6D4632773462D007CB4D4 /* Resources */ = {
			isa = PBXResourcesBuildPhase;
			buildActionMask = 2147483647;
			files = (
				B6E6D47527734639007CB4D4 /* LaunchScreen.storyboard in Resources */,
				B6E6D47227734639007CB4D4 /* Assets.xcassets in Resources */,
			);
			runOnlyForDeploymentPostprocessing = 0;
		};
/* End PBXResourcesBuildPhase section */

/* Begin PBXShellScriptBuildPhase section */
		874659E8466372B28E9581F0 /* [CP] Embed Pods Frameworks */ = {
			isa = PBXShellScriptBuildPhase;
			buildActionMask = 2147483647;
			files = (
			);
			inputFileListPaths = (
				"${PODS_ROOT}/Target Support Files/Pods-StockTutorial/Pods-StockTutorial-frameworks-${CONFIGURATION}-input-files.xcfilelist",
			);
			name = "[CP] Embed Pods Frameworks";
			outputFileListPaths = (
				"${PODS_ROOT}/Target Support Files/Pods-StockTutorial/Pods-StockTutorial-frameworks-${CONFIGURATION}-output-files.xcfilelist",
			);
			runOnlyForDeploymentPostprocessing = 0;
			shellPath = /bin/sh;
			shellScript = "\"${PODS_ROOT}/Target Support Files/Pods-StockTutorial/Pods-StockTutorial-frameworks.sh\"\n";
			showEnvVarsInLog = 0;
		};
		B932748351A7502C9307B033 /* [CP] Check Pods Manifest.lock */ = {
			isa = PBXShellScriptBuildPhase;
			buildActionMask = 2147483647;
			files = (
			);
			inputFileListPaths = (
			);
			inputPaths = (
				"${PODS_PODFILE_DIR_PATH}/Podfile.lock",
				"${PODS_ROOT}/Manifest.lock",
			);
			name = "[CP] Check Pods Manifest.lock";
			outputFileListPaths = (
			);
			outputPaths = (
				"$(DERIVED_FILE_DIR)/Pods-StockTutorial-checkManifestLockResult.txt",
			);
			runOnlyForDeploymentPostprocessing = 0;
			shellPath = /bin/sh;
			shellScript = "diff \"${PODS_PODFILE_DIR_PATH}/Podfile.lock\" \"${PODS_ROOT}/Manifest.lock\" > /dev/null\nif [ $? != 0 ] ; then\n    # print error to STDERR\n    echo \"error: The sandbox is not in sync with the Podfile.lock. Run 'pod install' or update your CocoaPods installation.\" >&2\n    exit 1\nfi\n# This output is used by Xcode 'outputs' to avoid re-running this script phase.\necho \"SUCCESS\" > \"${SCRIPT_OUTPUT_FILE_0}\"\n";
			showEnvVarsInLog = 0;
		};
/* End PBXShellScriptBuildPhase section */

/* Begin PBXSourcesBuildPhase section */
		B6E6D4612773462D007CB4D4 /* Sources */ = {
			isa = PBXSourcesBuildPhase;
			buildActionMask = 2147483647;
			files = (
				B6E6D49327734FF7007CB4D4 /* Coordinator.swift in Sources */,
				B6E6D46D2773462D007CB4D4 /* ViewController.swift in Sources */,
				B6E6D49627735083007CB4D4 /* CompositonRoot.swift in Sources */,
				B6EBA4522775A89E00FED10C /* LoadingView.swift in Sources */,
				B6E6D4992773760F007CB4D4 /* MainCoordinator.swift in Sources */,
				B66995E22774633E0016D50E /* StockListViewModel.swift in Sources */,
				B6E6D48727734709007CB4D4 /* BaseViewController.swift in Sources */,
				B6E6D49C277378B0007CB4D4 /* StockRepository.swift in Sources */,
				B66995DB27745EF40016D50E /* Stock.swift in Sources */,
				B6E6D49F27737AB4007CB4D4 /* StockRepositoryImpl.swift in Sources */,
				B66995DF2774628B0016D50E /* StockUseCase.swift in Sources */,
				B6E6D4692773462D007CB4D4 /* AppDelegate.swift in Sources */,
				B6EBA4562775AAC800FED10C /* Font.swift in Sources */,
				B6E6D49027734C86007CB4D4 /* StockListView.swift in Sources */,
				B6EBA4592775AB8300FED10C /* StockCell.swift in Sources */,
				B6EBA45C2775BDBE00FED10C /* StockList+TableView.swift in Sources */,
				B6E6D48D27734BFF007CB4D4 /* BaseView.swift in Sources */,
				B6E6D48A27734BC2007CB4D4 /* StockListController.swift in Sources */,
				B6E6D46B2773462D007CB4D4 /* SceneDelegate.swift in Sources */,
			);
			runOnlyForDeploymentPostprocessing = 0;
		};
/* End PBXSourcesBuildPhase section */

/* Begin PBXVariantGroup section */
		B6E6D47327734639007CB4D4 /* LaunchScreen.storyboard */ = {
			isa = PBXVariantGroup;
			children = (
				B6E6D47427734639007CB4D4 /* Base */,
			);
			name = LaunchScreen.storyboard;
			sourceTree = "<group>";
		};
/* End PBXVariantGroup section */

/* Begin XCBuildConfiguration section */
		B6E6D47727734639007CB4D4 /* Debug */ = {
			isa = XCBuildConfiguration;
			buildSettings = {
				ALWAYS_SEARCH_USER_PATHS = NO;
				CLANG_ANALYZER_NONNULL = YES;
				CLANG_ANALYZER_NUMBER_OBJECT_CONVERSION = YES_AGGRESSIVE;
				CLANG_CXX_LANGUAGE_STANDARD = "gnu++14";
				CLANG_CXX_LIBRARY = "libc++";
				CLANG_ENABLE_MODULES = YES;
				CLANG_ENABLE_OBJC_ARC = YES;
				CLANG_ENABLE_OBJC_WEAK = YES;
				CLANG_WARN_BLOCK_CAPTURE_AUTORELEASING = YES;
				CLANG_WARN_BOOL_CONVERSION = YES;
				CLANG_WARN_COMMA = YES;
				CLANG_WARN_CONSTANT_CONVERSION = YES;
				CLANG_WARN_DEPRECATED_OBJC_IMPLEMENTATIONS = YES;
				CLANG_WARN_DIRECT_OBJC_ISA_USAGE = YES_ERROR;
				CLANG_WARN_DOCUMENTATION_COMMENTS = YES;
				CLANG_WARN_EMPTY_BODY = YES;
				CLANG_WARN_ENUM_CONVERSION = YES;
				CLANG_WARN_INFINITE_RECURSION = YES;
				CLANG_WARN_INT_CONVERSION = YES;
				CLANG_WARN_NON_LITERAL_NULL_CONVERSION = YES;
				CLANG_WARN_OBJC_IMPLICIT_RETAIN_SELF = YES;
				CLANG_WARN_OBJC_LITERAL_CONVERSION = YES;
				CLANG_WARN_OBJC_ROOT_CLASS = YES_ERROR;
				CLANG_WARN_QUOTED_INCLUDE_IN_FRAMEWORK_HEADER = YES;
				CLANG_WARN_RANGE_LOOP_ANALYSIS = YES;
				CLANG_WARN_STRICT_PROTOTYPES = YES;
				CLANG_WARN_SUSPICIOUS_MOVE = YES;
				CLANG_WARN_UNGUARDED_AVAILABILITY = YES_AGGRESSIVE;
				CLANG_WARN_UNREACHABLE_CODE = YES;
				CLANG_WARN__DUPLICATE_METHOD_MATCH = YES;
				COPY_PHASE_STRIP = NO;
				DEBUG_INFORMATION_FORMAT = dwarf;
				ENABLE_STRICT_OBJC_MSGSEND = YES;
				ENABLE_TESTABILITY = YES;
				GCC_C_LANGUAGE_STANDARD = gnu11;
				GCC_DYNAMIC_NO_PIC = NO;
				GCC_NO_COMMON_BLOCKS = YES;
				GCC_OPTIMIZATION_LEVEL = 0;
				GCC_PREPROCESSOR_DEFINITIONS = (
					"DEBUG=1",
					"$(inherited)",
				);
				GCC_WARN_64_TO_32_BIT_CONVERSION = YES;
				GCC_WARN_ABOUT_RETURN_TYPE = YES_ERROR;
				GCC_WARN_UNDECLARED_SELECTOR = YES;
				GCC_WARN_UNINITIALIZED_AUTOS = YES_AGGRESSIVE;
				GCC_WARN_UNUSED_FUNCTION = YES;
				GCC_WARN_UNUSED_VARIABLE = YES;
				IPHONEOS_DEPLOYMENT_TARGET = 14.3;
				MTL_ENABLE_DEBUG_INFO = INCLUDE_SOURCE;
				MTL_FAST_MATH = YES;
				ONLY_ACTIVE_ARCH = YES;
				SDKROOT = iphoneos;
				SWIFT_ACTIVE_COMPILATION_CONDITIONS = DEBUG;
				SWIFT_OPTIMIZATION_LEVEL = "-Onone";
			};
			name = Debug;
		};
		B6E6D47827734639007CB4D4 /* Release */ = {
			isa = XCBuildConfiguration;
			buildSettings = {
				ALWAYS_SEARCH_USER_PATHS = NO;
				CLANG_ANALYZER_NONNULL = YES;
				CLANG_ANALYZER_NUMBER_OBJECT_CONVERSION = YES_AGGRESSIVE;
				CLANG_CXX_LANGUAGE_STANDARD = "gnu++14";
				CLANG_CXX_LIBRARY = "libc++";
				CLANG_ENABLE_MODULES = YES;
				CLANG_ENABLE_OBJC_ARC = YES;
				CLANG_ENABLE_OBJC_WEAK = YES;
				CLANG_WARN_BLOCK_CAPTURE_AUTORELEASING = YES;
				CLANG_WARN_BOOL_CONVERSION = YES;
				CLANG_WARN_COMMA = YES;
				CLANG_WARN_CONSTANT_CONVERSION = YES;
				CLANG_WARN_DEPRECATED_OBJC_IMPLEMENTATIONS = YES;
				CLANG_WARN_DIRECT_OBJC_ISA_USAGE = YES_ERROR;
				CLANG_WARN_DOCUMENTATION_COMMENTS = YES;
				CLANG_WARN_EMPTY_BODY = YES;
				CLANG_WARN_ENUM_CONVERSION = YES;
				CLANG_WARN_INFINITE_RECURSION = YES;
				CLANG_WARN_INT_CONVERSION = YES;
				CLANG_WARN_NON_LITERAL_NULL_CONVERSION = YES;
				CLANG_WARN_OBJC_IMPLICIT_RETAIN_SELF = YES;
				CLANG_WARN_OBJC_LITERAL_CONVERSION = YES;
				CLANG_WARN_OBJC_ROOT_CLASS = YES_ERROR;
				CLANG_WARN_QUOTED_INCLUDE_IN_FRAMEWORK_HEADER = YES;
				CLANG_WARN_RANGE_LOOP_ANALYSIS = YES;
				CLANG_WARN_STRICT_PROTOTYPES = YES;
				CLANG_WARN_SUSPICIOUS_MOVE = YES;
				CLANG_WARN_UNGUARDED_AVAILABILITY = YES_AGGRESSIVE;
				CLANG_WARN_UNREACHABLE_CODE = YES;
				CLANG_WARN__DUPLICATE_METHOD_MATCH = YES;
				COPY_PHASE_STRIP = NO;
				DEBUG_INFORMATION_FORMAT = "dwarf-with-dsym";
				ENABLE_NS_ASSERTIONS = NO;
				ENABLE_STRICT_OBJC_MSGSEND = YES;
				GCC_C_LANGUAGE_STANDARD = gnu11;
				GCC_NO_COMMON_BLOCKS = YES;
				GCC_WARN_64_TO_32_BIT_CONVERSION = YES;
				GCC_WARN_ABOUT_RETURN_TYPE = YES_ERROR;
				GCC_WARN_UNDECLARED_SELECTOR = YES;
				GCC_WARN_UNINITIALIZED_AUTOS = YES_AGGRESSIVE;
				GCC_WARN_UNUSED_FUNCTION = YES;
				GCC_WARN_UNUSED_VARIABLE = YES;
				IPHONEOS_DEPLOYMENT_TARGET = 14.3;
				MTL_ENABLE_DEBUG_INFO = NO;
				MTL_FAST_MATH = YES;
				SDKROOT = iphoneos;
				SWIFT_COMPILATION_MODE = wholemodule;
				SWIFT_OPTIMIZATION_LEVEL = "-O";
				VALIDATE_PRODUCT = YES;
			};
			name = Release;
		};
		B6E6D47A27734639007CB4D4 /* Debug */ = {
			isa = XCBuildConfiguration;
			baseConfigurationReference = 17F5CEFB948EAAAAD802B706 /* Pods-StockTutorial.debug.xcconfig */;
			buildSettings = {
				ASSETCATALOG_COMPILER_APPICON_NAME = AppIcon;
				ASSETCATALOG_COMPILER_GLOBAL_ACCENT_COLOR_NAME = AccentColor;
				CODE_SIGN_STYLE = Automatic;
				DEVELOPMENT_TEAM = 2L2K3UD2LK;
				INFOPLIST_FILE = StockTutorial/Info.plist;
				LD_RUNPATH_SEARCH_PATHS = (
					"$(inherited)",
					"@executable_path/Frameworks",
				);
				PRODUCT_BUNDLE_IDENTIFIER = com.sangheon.StockTutorial;
				PRODUCT_NAME = "$(TARGET_NAME)";
				SWIFT_VERSION = 5.0;
				TARGETED_DEVICE_FAMILY = "1,2";
			};
			name = Debug;
		};
		B6E6D47B27734639007CB4D4 /* Release */ = {
			isa = XCBuildConfiguration;
			baseConfigurationReference = 686C614ED234C32EACB84F4A /* Pods-StockTutorial.release.xcconfig */;
			buildSettings = {
				ASSETCATALOG_COMPILER_APPICON_NAME = AppIcon;
				ASSETCATALOG_COMPILER_GLOBAL_ACCENT_COLOR_NAME = AccentColor;
				CODE_SIGN_STYLE = Automatic;
				DEVELOPMENT_TEAM = 2L2K3UD2LK;
				INFOPLIST_FILE = StockTutorial/Info.plist;
				LD_RUNPATH_SEARCH_PATHS = (
					"$(inherited)",
					"@executable_path/Frameworks",
				);
				PRODUCT_BUNDLE_IDENTIFIER = com.sangheon.StockTutorial;
				PRODUCT_NAME = "$(TARGET_NAME)";
				SWIFT_VERSION = 5.0;
				TARGETED_DEVICE_FAMILY = "1,2";
			};
			name = Release;
		};
/* End XCBuildConfiguration section */

/* Begin XCConfigurationList section */
		B6E6D4602773462D007CB4D4 /* Build configuration list for PBXProject "StockTutorial" */ = {
			isa = XCConfigurationList;
			buildConfigurations = (
				B6E6D47727734639007CB4D4 /* Debug */,
				B6E6D47827734639007CB4D4 /* Release */,
			);
			defaultConfigurationIsVisible = 0;
			defaultConfigurationName = Release;
		};
		B6E6D47927734639007CB4D4 /* Build configuration list for PBXNativeTarget "StockTutorial" */ = {
			isa = XCConfigurationList;
			buildConfigurations = (
				B6E6D47A27734639007CB4D4 /* Debug */,
				B6E6D47B27734639007CB4D4 /* Release */,
			);
			defaultConfigurationIsVisible = 0;
			defaultConfigurationName = Release;
		};
/* End XCConfigurationList section */
	};
	rootObject = B6E6D45D2773462D007CB4D4 /* Project object */;
}
