// !$*UTF8*$!
{
	archiveVersion = 1;
	classes = {
	};
	objectVersion = 51;
	objects = {

/* Begin PBXBuildFile section */
		5C2A3A4A9571D99E681FDECC /* Pods_loginValidation.framework in Frameworks */ = {isa = PBXBuildFile; fileRef = 5728FB5E37871A0B6F070039 /* Pods_loginValidation.framework */; };
		B6005DF027808B8200227426 /* AppDelegate.swift in Sources */ = {isa = PBXBuildFile; fileRef = B6005DEF27808B8200227426 /* AppDelegate.swift */; };
		B6005DF227808B8200227426 /* SceneDelegate.swift in Sources */ = {isa = PBXBuildFile; fileRef = B6005DF127808B8200227426 /* SceneDelegate.swift */; };
		B6005DF927808B8D00227426 /* Assets.xcassets in Resources */ = {isa = PBXBuildFile; fileRef = B6005DF827808B8D00227426 /* Assets.xcassets */; };
		B6005DFC27808B8D00227426 /* LaunchScreen.storyboard in Resources */ = {isa = PBXBuildFile; fileRef = B6005DFA27808B8D00227426 /* LaunchScreen.storyboard */; };
		B6005E0827808BDA00227426 /* LoginViewController.swift in Sources */ = {isa = PBXBuildFile; fileRef = B6005E0727808BDA00227426 /* LoginViewController.swift */; };
		B6005E0C27808C5000227426 /* Coordinator.swift in Sources */ = {isa = PBXBuildFile; fileRef = B6005E0B27808C5000227426 /* Coordinator.swift */; };
		B6F84AA6278156E000A68ECF /* UIViewController-extension.swift in Sources */ = {isa = PBXBuildFile; fileRef = B6F84AA5278156E000A68ECF /* UIViewController-extension.swift */; };
		B6F84AAC27815ADF00A68ECF /* LoginViewModel.swift in Sources */ = {isa = PBXBuildFile; fileRef = B6F84AAB27815ADF00A68ECF /* LoginViewModel.swift */; };
/* End PBXBuildFile section */

/* Begin PBXFileReference section */
		5728FB5E37871A0B6F070039 /* Pods_loginValidation.framework */ = {isa = PBXFileReference; explicitFileType = wrapper.framework; includeInIndex = 0; path = Pods_loginValidation.framework; sourceTree = BUILT_PRODUCTS_DIR; };
		B6005DEC27808B8200227426 /* loginValidation.app */ = {isa = PBXFileReference; explicitFileType = wrapper.application; includeInIndex = 0; path = loginValidation.app; sourceTree = BUILT_PRODUCTS_DIR; };
		B6005DEF27808B8200227426 /* AppDelegate.swift */ = {isa = PBXFileReference; lastKnownFileType = sourcecode.swift; path = AppDelegate.swift; sourceTree = "<group>"; };
		B6005DF127808B8200227426 /* SceneDelegate.swift */ = {isa = PBXFileReference; lastKnownFileType = sourcecode.swift; path = SceneDelegate.swift; sourceTree = "<group>"; };
		B6005DF827808B8D00227426 /* Assets.xcassets */ = {isa = PBXFileReference; lastKnownFileType = folder.assetcatalog; path = Assets.xcassets; sourceTree = "<group>"; };
		B6005DFB27808B8D00227426 /* Base */ = {isa = PBXFileReference; lastKnownFileType = file.storyboard; name = Base; path = Base.lproj/LaunchScreen.storyboard; sourceTree = "<group>"; };
		B6005DFD27808B8D00227426 /* Info.plist */ = {isa = PBXFileReference; lastKnownFileType = text.plist.xml; path = Info.plist; sourceTree = "<group>"; };
		B6005E0727808BDA00227426 /* LoginViewController.swift */ = {isa = PBXFileReference; lastKnownFileType = sourcecode.swift; path = LoginViewController.swift; sourceTree = "<group>"; };
		B6005E0B27808C5000227426 /* Coordinator.swift */ = {isa = PBXFileReference; lastKnownFileType = sourcecode.swift; path = Coordinator.swift; sourceTree = "<group>"; };
		B6F84AA5278156E000A68ECF /* UIViewController-extension.swift */ = {isa = PBXFileReference; lastKnownFileType = sourcecode.swift; path = "UIViewController-extension.swift"; sourceTree = "<group>"; };
		B6F84AAB27815ADF00A68ECF /* LoginViewModel.swift */ = {isa = PBXFileReference; lastKnownFileType = sourcecode.swift; path = LoginViewModel.swift; sourceTree = "<group>"; };
		CE347792056CDC4206991E9A /* Pods-loginValidation.release.xcconfig */ = {isa = PBXFileReference; includeInIndex = 1; lastKnownFileType = text.xcconfig; name = "Pods-loginValidation.release.xcconfig"; path = "Target Support Files/Pods-loginValidation/Pods-loginValidation.release.xcconfig"; sourceTree = "<group>"; };
		F919FF34DCE8CD7FD32CB667 /* Pods-loginValidation.debug.xcconfig */ = {isa = PBXFileReference; includeInIndex = 1; lastKnownFileType = text.xcconfig; name = "Pods-loginValidation.debug.xcconfig"; path = "Target Support Files/Pods-loginValidation/Pods-loginValidation.debug.xcconfig"; sourceTree = "<group>"; };
/* End PBXFileReference section */

/* Begin PBXFrameworksBuildPhase section */
		B6005DE927808B8200227426 /* Frameworks */ = {
			isa = PBXFrameworksBuildPhase;
			buildActionMask = 2147483647;
			files = (
				5C2A3A4A9571D99E681FDECC /* Pods_loginValidation.framework in Frameworks */,
			);
			runOnlyForDeploymentPostprocessing = 0;
		};
/* End PBXFrameworksBuildPhase section */

/* Begin PBXGroup section */
		8EC08B901DCF491A5283F8FB /* Pods */ = {
			isa = PBXGroup;
			children = (
				F919FF34DCE8CD7FD32CB667 /* Pods-loginValidation.debug.xcconfig */,
				CE347792056CDC4206991E9A /* Pods-loginValidation.release.xcconfig */,
			);
			path = Pods;
			sourceTree = "<group>";
		};
		9C54DAA8430E8B3F97CA5D59 /* Frameworks */ = {
			isa = PBXGroup;
			children = (
				5728FB5E37871A0B6F070039 /* Pods_loginValidation.framework */,
			);
			name = Frameworks;
			sourceTree = "<group>";
		};
		B6005DE327808B8200227426 = {
			isa = PBXGroup;
			children = (
				B6005DEE27808B8200227426 /* loginValidation */,
				B6005DED27808B8200227426 /* Products */,
				8EC08B901DCF491A5283F8FB /* Pods */,
				9C54DAA8430E8B3F97CA5D59 /* Frameworks */,
			);
			sourceTree = "<group>";
		};
		B6005DED27808B8200227426 /* Products */ = {
			isa = PBXGroup;
			children = (
				B6005DEC27808B8200227426 /* loginValidation.app */,
			);
			name = Products;
			sourceTree = "<group>";
		};
		B6005DEE27808B8200227426 /* loginValidation */ = {
			isa = PBXGroup;
			children = (
				B6F84AAA27815ACF00A68ECF /* ViewModel */,
				B6F84AA4278156B700A68ECF /* Extensions */,
				B6005E0627808BC300227426 /* Controllers */,
				B6005DEF27808B8200227426 /* AppDelegate.swift */,
				B6005DF127808B8200227426 /* SceneDelegate.swift */,
				B6005DF827808B8D00227426 /* Assets.xcassets */,
				B6005DFA27808B8D00227426 /* LaunchScreen.storyboard */,
				B6005DFD27808B8D00227426 /* Info.plist */,
				B6005E0B27808C5000227426 /* Coordinator.swift */,
			);
			path = loginValidation;
			sourceTree = "<group>";
		};
		B6005E0627808BC300227426 /* Controllers */ = {
			isa = PBXGroup;
			children = (
				B6005E0727808BDA00227426 /* LoginViewController.swift */,
			);
			path = Controllers;
			sourceTree = "<group>";
		};
		B6F84AA4278156B700A68ECF /* Extensions */ = {
			isa = PBXGroup;
			children = (
				B6F84AA5278156E000A68ECF /* UIViewController-extension.swift */,
			);
			path = Extensions;
			sourceTree = "<group>";
		};
		B6F84AAA27815ACF00A68ECF /* ViewModel */ = {
			isa = PBXGroup;
			children = (
				B6F84AAB27815ADF00A68ECF /* LoginViewModel.swift */,
			);
			path = ViewModel;
			sourceTree = "<group>";
		};
/* End PBXGroup section */

/* Begin PBXNativeTarget section */
		B6005DEB27808B8200227426 /* loginValidation */ = {
			isa = PBXNativeTarget;
			buildConfigurationList = B6005E0027808B8D00227426 /* Build configuration list for PBXNativeTarget "loginValidation" */;
			buildPhases = (
				9A831548569513DE6A88A386 /* [CP] Check Pods Manifest.lock */,
				B6005DE827808B8200227426 /* Sources */,
				B6005DE927808B8200227426 /* Frameworks */,
				B6005DEA27808B8200227426 /* Resources */,
				6D6EC5725A518EC6B047ED13 /* [CP] Embed Pods Frameworks */,
			);
			buildRules = (
			);
			dependencies = (
			);
			name = loginValidation;
			productName = loginValidation;
			productReference = B6005DEC27808B8200227426 /* loginValidation.app */;
			productType = "com.apple.product-type.application";
		};
/* End PBXNativeTarget section */

/* Begin PBXProject section */
		B6005DE427808B8200227426 /* Project object */ = {
			isa = PBXProject;
			attributes = {
				LastSwiftUpdateCheck = 1230;
				LastUpgradeCheck = 1230;
				TargetAttributes = {
					B6005DEB27808B8200227426 = {
						CreatedOnToolsVersion = 12.3;
					};
				};
			};
			buildConfigurationList = B6005DE727808B8200227426 /* Build configuration list for PBXProject "loginValidation" */;
			compatibilityVersion = "Xcode 9.3";
			developmentRegion = en;
			hasScannedForEncodings = 0;
			knownRegions = (
				en,
				Base,
			);
			mainGroup = B6005DE327808B8200227426;
			productRefGroup = B6005DED27808B8200227426 /* Products */;
			projectDirPath = "";
			projectRoot = "";
			targets = (
				B6005DEB27808B8200227426 /* loginValidation */,
			);
		};
/* End PBXProject section */

/* Begin PBXResourcesBuildPhase section */
		B6005DEA27808B8200227426 /* Resources */ = {
			isa = PBXResourcesBuildPhase;
			buildActionMask = 2147483647;
			files = (
				B6005DFC27808B8D00227426 /* LaunchScreen.storyboard in Resources */,
				B6005DF927808B8D00227426 /* Assets.xcassets in Resources */,
			);
			runOnlyForDeploymentPostprocessing = 0;
		};
/* End PBXResourcesBuildPhase section */

/* Begin PBXShellScriptBuildPhase section */
		6D6EC5725A518EC6B047ED13 /* [CP] Embed Pods Frameworks */ = {
			isa = PBXShellScriptBuildPhase;
			buildActionMask = 2147483647;
			files = (
			);
			inputFileListPaths = (
				"${PODS_ROOT}/Target Support Files/Pods-loginValidation/Pods-loginValidation-frameworks-${CONFIGURATION}-input-files.xcfilelist",
			);
			name = "[CP] Embed Pods Frameworks";
			outputFileListPaths = (
				"${PODS_ROOT}/Target Support Files/Pods-loginValidation/Pods-loginValidation-frameworks-${CONFIGURATION}-output-files.xcfilelist",
			);
			runOnlyForDeploymentPostprocessing = 0;
			shellPath = /bin/sh;
			shellScript = "\"${PODS_ROOT}/Target Support Files/Pods-loginValidation/Pods-loginValidation-frameworks.sh\"\n";
			showEnvVarsInLog = 0;
		};
		9A831548569513DE6A88A386 /* [CP] Check Pods Manifest.lock */ = {
			isa = PBXShellScriptBuildPhase;
			buildActionMask = 2147483647;
			files = (
			);
			inputFileListPaths = (
			);
			inputPaths = (
				"${PODS_PODFILE_DIR_PATH}/Podfile.lock",
				"${PODS_ROOT}/Manifest.lock",
			);
			name = "[CP] Check Pods Manifest.lock";
			outputFileListPaths = (
			);
			outputPaths = (
				"$(DERIVED_FILE_DIR)/Pods-loginValidation-checkManifestLockResult.txt",
			);
			runOnlyForDeploymentPostprocessing = 0;
			shellPath = /bin/sh;
			shellScript = "diff \"${PODS_PODFILE_DIR_PATH}/Podfile.lock\" \"${PODS_ROOT}/Manifest.lock\" > /dev/null\nif [ $? != 0 ] ; then\n    # print error to STDERR\n    echo \"error: The sandbox is not in sync with the Podfile.lock. Run 'pod install' or update your CocoaPods installation.\" >&2\n    exit 1\nfi\n# This output is used by Xcode 'outputs' to avoid re-running this script phase.\necho \"SUCCESS\" > \"${SCRIPT_OUTPUT_FILE_0}\"\n";
			showEnvVarsInLog = 0;
		};
/* End PBXShellScriptBuildPhase section */

/* Begin PBXSourcesBuildPhase section */
		B6005DE827808B8200227426 /* Sources */ = {
			isa = PBXSourcesBuildPhase;
			buildActionMask = 2147483647;
			files = (
				B6005E0C27808C5000227426 /* Coordinator.swift in Sources */,
				B6F84AA6278156E000A68ECF /* UIViewController-extension.swift in Sources */,
				B6F84AAC27815ADF00A68ECF /* LoginViewModel.swift in Sources */,
				B6005E0827808BDA00227426 /* LoginViewController.swift in Sources */,
				B6005DF027808B8200227426 /* AppDelegate.swift in Sources */,
				B6005DF227808B8200227426 /* SceneDelegate.swift in Sources */,
			);
			runOnlyForDeploymentPostprocessing = 0;
		};
/* End PBXSourcesBuildPhase section */

/* Begin PBXVariantGroup section */
		B6005DFA27808B8D00227426 /* LaunchScreen.storyboard */ = {
			isa = PBXVariantGroup;
			children = (
				B6005DFB27808B8D00227426 /* Base */,
			);
			name = LaunchScreen.storyboard;
			sourceTree = "<group>";
		};
/* End PBXVariantGroup section */

/* Begin XCBuildConfiguration section */
		B6005DFE27808B8D00227426 /* Debug */ = {
			isa = XCBuildConfiguration;
			buildSettings = {
				ALWAYS_SEARCH_USER_PATHS = NO;
				CLANG_ANALYZER_NONNULL = YES;
				CLANG_ANALYZER_NUMBER_OBJECT_CONVERSION = YES_AGGRESSIVE;
				CLANG_CXX_LANGUAGE_STANDARD = "gnu++14";
				CLANG_CXX_LIBRARY = "libc++";
				CLANG_ENABLE_MODULES = YES;
				CLANG_ENABLE_OBJC_ARC = YES;
				CLANG_ENABLE_OBJC_WEAK = YES;
				CLANG_WARN_BLOCK_CAPTURE_AUTORELEASING = YES;
				CLANG_WARN_BOOL_CONVERSION = YES;
				CLANG_WARN_COMMA = YES;
				CLANG_WARN_CONSTANT_CONVERSION = YES;
				CLANG_WARN_DEPRECATED_OBJC_IMPLEMENTATIONS = YES;
				CLANG_WARN_DIRECT_OBJC_ISA_USAGE = YES_ERROR;
				CLANG_WARN_DOCUMENTATION_COMMENTS = YES;
				CLANG_WARN_EMPTY_BODY = YES;
				CLANG_WARN_ENUM_CONVERSION = YES;
				CLANG_WARN_INFINITE_RECURSION = YES;
				CLANG_WARN_INT_CONVERSION = YES;
				CLANG_WARN_NON_LITERAL_NULL_CONVERSION = YES;
				CLANG_WARN_OBJC_IMPLICIT_RETAIN_SELF = YES;
				CLANG_WARN_OBJC_LITERAL_CONVERSION = YES;
				CLANG_WARN_OBJC_ROOT_CLASS = YES_ERROR;
				CLANG_WARN_QUOTED_INCLUDE_IN_FRAMEWORK_HEADER = YES;
				CLANG_WARN_RANGE_LOOP_ANALYSIS = YES;
				CLANG_WARN_STRICT_PROTOTYPES = YES;
				CLANG_WARN_SUSPICIOUS_MOVE = YES;
				CLANG_WARN_UNGUARDED_AVAILABILITY = YES_AGGRESSIVE;
				CLANG_WARN_UNREACHABLE_CODE = YES;
				CLANG_WARN__DUPLICATE_METHOD_MATCH = YES;
				COPY_PHASE_STRIP = NO;
				DEBUG_INFORMATION_FORMAT = dwarf;
				ENABLE_STRICT_OBJC_MSGSEND = YES;
				ENABLE_TESTABILITY = YES;
				GCC_C_LANGUAGE_STANDARD = gnu11;
				GCC_DYNAMIC_NO_PIC = NO;
				GCC_NO_COMMON_BLOCKS = YES;
				GCC_OPTIMIZATION_LEVEL = 0;
				GCC_PREPROCESSOR_DEFINITIONS = (
					"DEBUG=1",
					"$(inherited)",
				);
				GCC_WARN_64_TO_32_BIT_CONVERSION = YES;
				GCC_WARN_ABOUT_RETURN_TYPE = YES_ERROR;
				GCC_WARN_UNDECLARED_SELECTOR = YES;
				GCC_WARN_UNINITIALIZED_AUTOS = YES_AGGRESSIVE;
				GCC_WARN_UNUSED_FUNCTION = YES;
				GCC_WARN_UNUSED_VARIABLE = YES;
				IPHONEOS_DEPLOYMENT_TARGET = 14.3;
				MTL_ENABLE_DEBUG_INFO = INCLUDE_SOURCE;
				MTL_FAST_MATH = YES;
				ONLY_ACTIVE_ARCH = YES;
				SDKROOT = iphoneos;
				SWIFT_ACTIVE_COMPILATION_CONDITIONS = DEBUG;
				SWIFT_OPTIMIZATION_LEVEL = "-Onone";
			};
			name = Debug;
		};
		B6005DFF27808B8D00227426 /* Release */ = {
			isa = XCBuildConfiguration;
			buildSettings = {
				ALWAYS_SEARCH_USER_PATHS = NO;
				CLANG_ANALYZER_NONNULL = YES;
				CLANG_ANALYZER_NUMBER_OBJECT_CONVERSION = YES_AGGRESSIVE;
				CLANG_CXX_LANGUAGE_STANDARD = "gnu++14";
				CLANG_CXX_LIBRARY = "libc++";
				CLANG_ENABLE_MODULES = YES;
				CLANG_ENABLE_OBJC_ARC = YES;
				CLANG_ENABLE_OBJC_WEAK = YES;
				CLANG_WARN_BLOCK_CAPTURE_AUTORELEASING = YES;
				CLANG_WARN_BOOL_CONVERSION = YES;
				CLANG_WARN_COMMA = YES;
				CLANG_WARN_CONSTANT_CONVERSION = YES;
				CLANG_WARN_DEPRECATED_OBJC_IMPLEMENTATIONS = YES;
				CLANG_WARN_DIRECT_OBJC_ISA_USAGE = YES_ERROR;
				CLANG_WARN_DOCUMENTATION_COMMENTS = YES;
				CLANG_WARN_EMPTY_BODY = YES;
				CLANG_WARN_ENUM_CONVERSION = YES;
				CLANG_WARN_INFINITE_RECURSION = YES;
				CLANG_WARN_INT_CONVERSION = YES;
				CLANG_WARN_NON_LITERAL_NULL_CONVERSION = YES;
				CLANG_WARN_OBJC_IMPLICIT_RETAIN_SELF = YES;
				CLANG_WARN_OBJC_LITERAL_CONVERSION = YES;
				CLANG_WARN_OBJC_ROOT_CLASS = YES_ERROR;
				CLANG_WARN_QUOTED_INCLUDE_IN_FRAMEWORK_HEADER = YES;
				CLANG_WARN_RANGE_LOOP_ANALYSIS = YES;
				CLANG_WARN_STRICT_PROTOTYPES = YES;
				CLANG_WARN_SUSPICIOUS_MOVE = YES;
				CLANG_WARN_UNGUARDED_AVAILABILITY = YES_AGGRESSIVE;
				CLANG_WARN_UNREACHABLE_CODE = YES;
				CLANG_WARN__DUPLICATE_METHOD_MATCH = YES;
				COPY_PHASE_STRIP = NO;
				DEBUG_INFORMATION_FORMAT = "dwarf-with-dsym";
				ENABLE_NS_ASSERTIONS = NO;
				ENABLE_STRICT_OBJC_MSGSEND = YES;
				GCC_C_LANGUAGE_STANDARD = gnu11;
				GCC_NO_COMMON_BLOCKS = YES;
				GCC_WARN_64_TO_32_BIT_CONVERSION = YES;
				GCC_WARN_ABOUT_RETURN_TYPE = YES_ERROR;
				GCC_WARN_UNDECLARED_SELECTOR = YES;
				GCC_WARN_UNINITIALIZED_AUTOS = YES_AGGRESSIVE;
				GCC_WARN_UNUSED_FUNCTION = YES;
				GCC_WARN_UNUSED_VARIABLE = YES;
				IPHONEOS_DEPLOYMENT_TARGET = 14.3;
				MTL_ENABLE_DEBUG_INFO = NO;
				MTL_FAST_MATH = YES;
				SDKROOT = iphoneos;
				SWIFT_COMPILATION_MODE = wholemodule;
				SWIFT_OPTIMIZATION_LEVEL = "-O";
				VALIDATE_PRODUCT = YES;
			};
			name = Release;
		};
		B6005E0127808B8D00227426 /* Debug */ = {
			isa = XCBuildConfiguration;
			baseConfigurationReference = F919FF34DCE8CD7FD32CB667 /* Pods-loginValidation.debug.xcconfig */;
			buildSettings = {
				ASSETCATALOG_COMPILER_APPICON_NAME = AppIcon;
				ASSETCATALOG_COMPILER_GLOBAL_ACCENT_COLOR_NAME = AccentColor;
				CODE_SIGN_STYLE = Automatic;
				DEVELOPMENT_TEAM = 2L2K3UD2LK;
				INFOPLIST_FILE = loginValidation/Info.plist;
				LD_RUNPATH_SEARCH_PATHS = (
					"$(inherited)",
					"@executable_path/Frameworks",
				);
				PRODUCT_BUNDLE_IDENTIFIER = com.sangheon.loginValidation;
				PRODUCT_NAME = "$(TARGET_NAME)";
				SWIFT_VERSION = 5.0;
				TARGETED_DEVICE_FAMILY = "1,2";
			};
			name = Debug;
		};
		B6005E0227808B8D00227426 /* Release */ = {
			isa = XCBuildConfiguration;
			baseConfigurationReference = CE347792056CDC4206991E9A /* Pods-loginValidation.release.xcconfig */;
			buildSettings = {
				ASSETCATALOG_COMPILER_APPICON_NAME = AppIcon;
				ASSETCATALOG_COMPILER_GLOBAL_ACCENT_COLOR_NAME = AccentColor;
				CODE_SIGN_STYLE = Automatic;
				DEVELOPMENT_TEAM = 2L2K3UD2LK;
				INFOPLIST_FILE = loginValidation/Info.plist;
				LD_RUNPATH_SEARCH_PATHS = (
					"$(inherited)",
					"@executable_path/Frameworks",
				);
				PRODUCT_BUNDLE_IDENTIFIER = com.sangheon.loginValidation;
				PRODUCT_NAME = "$(TARGET_NAME)";
				SWIFT_VERSION = 5.0;
				TARGETED_DEVICE_FAMILY = "1,2";
			};
			name = Release;
		};
/* End XCBuildConfiguration section */

/* Begin XCConfigurationList section */
		B6005DE727808B8200227426 /* Build configuration list for PBXProject "loginValidation" */ = {
			isa = XCConfigurationList;
			buildConfigurations = (
				B6005DFE27808B8D00227426 /* Debug */,
				B6005DFF27808B8D00227426 /* Release */,
			);
			defaultConfigurationIsVisible = 0;
			defaultConfigurationName = Release;
		};
		B6005E0027808B8D00227426 /* Build configuration list for PBXNativeTarget "loginValidation" */ = {
			isa = XCConfigurationList;
			buildConfigurations = (
				B6005E0127808B8D00227426 /* Debug */,
				B6005E0227808B8D00227426 /* Release */,
			);
			defaultConfigurationIsVisible = 0;
			defaultConfigurationName = Release;
		};
/* End XCConfigurationList section */
	};
	rootObject = B6005DE427808B8200227426 /* Project object */;
}
