// !$*UTF8*$!
{
	archiveVersion = 1;
	classes = {
	};
	objectVersion = 55;
	objects = {

/* Begin PBXBuildFile section */
		B698FB4E27AA39180074A106 /* AppDelegate.swift in Sources */ = {isa = PBXBuildFile; fileRef = B698FB4D27AA39180074A106 /* AppDelegate.swift */; };
		B698FB5027AA39180074A106 /* SceneDelegate.swift in Sources */ = {isa = PBXBuildFile; fileRef = B698FB4F27AA39180074A106 /* SceneDelegate.swift */; };
		B698FB5727AA391E0074A106 /* Assets.xcassets in Resources */ = {isa = PBXBuildFile; fileRef = B698FB5627AA391E0074A106 /* Assets.xcassets */; };
		B698FB5A27AA391E0074A106 /* LaunchScreen.storyboard in Resources */ = {isa = PBXBuildFile; fileRef = B698FB5827AA391E0074A106 /* LaunchScreen.storyboard */; };
		B698FB6227AA54E70074A106 /* AppCoordinator.swift in Sources */ = {isa = PBXBuildFile; fileRef = B698FB6127AA54E70074A106 /* AppCoordinator.swift */; };
		B698FB6427AA56E20074A106 /* EventListCoordinator.swift in Sources */ = {isa = PBXBuildFile; fileRef = B698FB6327AA56E20074A106 /* EventListCoordinator.swift */; };
		B698FB6627AA577F0074A106 /* EventListViewController.swift in Sources */ = {isa = PBXBuildFile; fileRef = B698FB6527AA577F0074A106 /* EventListViewController.swift */; };
		B698FB6827AA5E060074A106 /* UIColor +  Extensions.swift in Sources */ = {isa = PBXBuildFile; fileRef = B698FB6727AA5E060074A106 /* UIColor +  Extensions.swift */; };
		B698FB6B27AA63E30074A106 /* EventsApp.xcdatamodeld in Sources */ = {isa = PBXBuildFile; fileRef = B698FB6927AA63E30074A106 /* EventsApp.xcdatamodeld */; };
		B698FB7027AA6A100074A106 /* CoreDataManager.swift in Sources */ = {isa = PBXBuildFile; fileRef = B698FB6F27AA6A100074A106 /* CoreDataManager.swift */; };
		B698FB7227AA6EAC0074A106 /* EventListViewModel.swift in Sources */ = {isa = PBXBuildFile; fileRef = B698FB7127AA6EAC0074A106 /* EventListViewModel.swift */; };
		B698FB7427AA70840074A106 /* AddEventCoordinator.swift in Sources */ = {isa = PBXBuildFile; fileRef = B698FB7327AA70840074A106 /* AddEventCoordinator.swift */; };
		B698FB7627AA75F70074A106 /* AddEventViewController.swift in Sources */ = {isa = PBXBuildFile; fileRef = B698FB7527AA75F70074A106 /* AddEventViewController.swift */; };
/* End PBXBuildFile section */

/* Begin PBXFileReference section */
		B698FB4A27AA39180074A106 /* EventsApp.app */ = {isa = PBXFileReference; explicitFileType = wrapper.application; includeInIndex = 0; path = EventsApp.app; sourceTree = BUILT_PRODUCTS_DIR; };
		B698FB4D27AA39180074A106 /* AppDelegate.swift */ = {isa = PBXFileReference; lastKnownFileType = sourcecode.swift; path = AppDelegate.swift; sourceTree = "<group>"; };
		B698FB4F27AA39180074A106 /* SceneDelegate.swift */ = {isa = PBXFileReference; lastKnownFileType = sourcecode.swift; path = SceneDelegate.swift; sourceTree = "<group>"; };
		B698FB5627AA391E0074A106 /* Assets.xcassets */ = {isa = PBXFileReference; lastKnownFileType = folder.assetcatalog; path = Assets.xcassets; sourceTree = "<group>"; };
		B698FB5927AA391E0074A106 /* Base */ = {isa = PBXFileReference; lastKnownFileType = file.storyboard; name = Base; path = Base.lproj/LaunchScreen.storyboard; sourceTree = "<group>"; };
		B698FB5B27AA391E0074A106 /* Info.plist */ = {isa = PBXFileReference; lastKnownFileType = text.plist.xml; path = Info.plist; sourceTree = "<group>"; };
		B698FB6127AA54E70074A106 /* AppCoordinator.swift */ = {isa = PBXFileReference; lastKnownFileType = sourcecode.swift; path = AppCoordinator.swift; sourceTree = "<group>"; };
		B698FB6327AA56E20074A106 /* EventListCoordinator.swift */ = {isa = PBXFileReference; lastKnownFileType = sourcecode.swift; path = EventListCoordinator.swift; sourceTree = "<group>"; };
		B698FB6527AA577F0074A106 /* EventListViewController.swift */ = {isa = PBXFileReference; lastKnownFileType = sourcecode.swift; path = EventListViewController.swift; sourceTree = "<group>"; };
		B698FB6727AA5E060074A106 /* UIColor +  Extensions.swift */ = {isa = PBXFileReference; lastKnownFileType = sourcecode.swift; path = "UIColor +  Extensions.swift"; sourceTree = "<group>"; };
		B698FB6A27AA63E30074A106 /* EventsApp.xcdatamodel */ = {isa = PBXFileReference; lastKnownFileType = wrapper.xcdatamodel; path = EventsApp.xcdatamodel; sourceTree = "<group>"; };
		B698FB6F27AA6A100074A106 /* CoreDataManager.swift */ = {isa = PBXFileReference; lastKnownFileType = sourcecode.swift; path = CoreDataManager.swift; sourceTree = "<group>"; };
		B698FB7127AA6EAC0074A106 /* EventListViewModel.swift */ = {isa = PBXFileReference; lastKnownFileType = sourcecode.swift; path = EventListViewModel.swift; sourceTree = "<group>"; };
		B698FB7327AA70840074A106 /* AddEventCoordinator.swift */ = {isa = PBXFileReference; lastKnownFileType = sourcecode.swift; path = AddEventCoordinator.swift; sourceTree = "<group>"; };
		B698FB7527AA75F70074A106 /* AddEventViewController.swift */ = {isa = PBXFileReference; lastKnownFileType = sourcecode.swift; path = AddEventViewController.swift; sourceTree = "<group>"; };
/* End PBXFileReference section */

/* Begin PBXFrameworksBuildPhase section */
		B698FB4727AA39180074A106 /* Frameworks */ = {
			isa = PBXFrameworksBuildPhase;
			buildActionMask = 2147483647;
			files = (
			);
			runOnlyForDeploymentPostprocessing = 0;
		};
/* End PBXFrameworksBuildPhase section */

/* Begin PBXGroup section */
		B698FB4127AA39180074A106 = {
			isa = PBXGroup;
			children = (
				B698FB4C27AA39180074A106 /* EventsApp */,
				B698FB4B27AA39180074A106 /* Products */,
			);
			sourceTree = "<group>";
		};
		B698FB4B27AA39180074A106 /* Products */ = {
			isa = PBXGroup;
			children = (
				B698FB4A27AA39180074A106 /* EventsApp.app */,
			);
			name = Products;
			sourceTree = "<group>";
		};
		B698FB4C27AA39180074A106 /* EventsApp */ = {
			isa = PBXGroup;
			children = (
				B698FB6D27AA69AA0074A106 /* Extensions */,
				B698FB6C27AA69A70074A106 /* Controllers */,
				B698FB6E27AA69C80074A106 /* Coordinators */,
				B698FB4F27AA39180074A106 /* SceneDelegate.swift */,
				B698FB4D27AA39180074A106 /* AppDelegate.swift */,
				B698FB5627AA391E0074A106 /* Assets.xcassets */,
				B698FB5827AA391E0074A106 /* LaunchScreen.storyboard */,
				B698FB5B27AA391E0074A106 /* Info.plist */,
				B698FB6927AA63E30074A106 /* EventsApp.xcdatamodeld */,
				B698FB6F27AA6A100074A106 /* CoreDataManager.swift */,
				B698FB7127AA6EAC0074A106 /* EventListViewModel.swift */,
			);
			path = EventsApp;
			sourceTree = "<group>";
		};
		B698FB6C27AA69A70074A106 /* Controllers */ = {
			isa = PBXGroup;
			children = (
				B698FB6527AA577F0074A106 /* EventListViewController.swift */,
				B698FB7527AA75F70074A106 /* AddEventViewController.swift */,
			);
			path = Controllers;
			sourceTree = "<group>";
		};
		B698FB6D27AA69AA0074A106 /* Extensions */ = {
			isa = PBXGroup;
			children = (
				B698FB6727AA5E060074A106 /* UIColor +  Extensions.swift */,
			);
			path = Extensions;
			sourceTree = "<group>";
		};
		B698FB6E27AA69C80074A106 /* Coordinators */ = {
			isa = PBXGroup;
			children = (
				B698FB6127AA54E70074A106 /* AppCoordinator.swift */,
				B698FB6327AA56E20074A106 /* EventListCoordinator.swift */,
				B698FB7327AA70840074A106 /* AddEventCoordinator.swift */,
			);
			path = Coordinators;
			sourceTree = "<group>";
		};
/* End PBXGroup section */

/* Begin PBXNativeTarget section */
		B698FB4927AA39180074A106 /* EventsApp */ = {
			isa = PBXNativeTarget;
			buildConfigurationList = B698FB5E27AA391E0074A106 /* Build configuration list for PBXNativeTarget "EventsApp" */;
			buildPhases = (
				B698FB4627AA39180074A106 /* Sources */,
				B698FB4727AA39180074A106 /* Frameworks */,
				B698FB4827AA39180074A106 /* Resources */,
			);
			buildRules = (
			);
			dependencies = (
			);
			name = EventsApp;
			productName = EventsApp;
			productReference = B698FB4A27AA39180074A106 /* EventsApp.app */;
			productType = "com.apple.product-type.application";
		};
/* End PBXNativeTarget section */

/* Begin PBXProject section */
		B698FB4227AA39180074A106 /* Project object */ = {
			isa = PBXProject;
			attributes = {
				BuildIndependentTargetsInParallel = 1;
				LastSwiftUpdateCheck = 1320;
				LastUpgradeCheck = 1320;
				TargetAttributes = {
					B698FB4927AA39180074A106 = {
						CreatedOnToolsVersion = 13.2.1;
					};
				};
			};
			buildConfigurationList = B698FB4527AA39180074A106 /* Build configuration list for PBXProject "EventsApp" */;
			compatibilityVersion = "Xcode 13.0";
			developmentRegion = en;
			hasScannedForEncodings = 0;
			knownRegions = (
				en,
				Base,
			);
			mainGroup = B698FB4127AA39180074A106;
			productRefGroup = B698FB4B27AA39180074A106 /* Products */;
			projectDirPath = "";
			projectRoot = "";
			targets = (
				B698FB4927AA39180074A106 /* EventsApp */,
			);
		};
/* End PBXProject section */

/* Begin PBXResourcesBuildPhase section */
		B698FB4827AA39180074A106 /* Resources */ = {
			isa = PBXResourcesBuildPhase;
			buildActionMask = 2147483647;
			files = (
				B698FB5A27AA391E0074A106 /* LaunchScreen.storyboard in Resources */,
				B698FB5727AA391E0074A106 /* Assets.xcassets in Resources */,
			);
			runOnlyForDeploymentPostprocessing = 0;
		};
/* End PBXResourcesBuildPhase section */

/* Begin PBXSourcesBuildPhase section */
		B698FB4627AA39180074A106 /* Sources */ = {
			isa = PBXSourcesBuildPhase;
			buildActionMask = 2147483647;
			files = (
				B698FB6227AA54E70074A106 /* AppCoordinator.swift in Sources */,
				B698FB6827AA5E060074A106 /* UIColor +  Extensions.swift in Sources */,
				B698FB6627AA577F0074A106 /* EventListViewController.swift in Sources */,
				B698FB6B27AA63E30074A106 /* EventsApp.xcdatamodeld in Sources */,
				B698FB4E27AA39180074A106 /* AppDelegate.swift in Sources */,
				B698FB7427AA70840074A106 /* AddEventCoordinator.swift in Sources */,
				B698FB5027AA39180074A106 /* SceneDelegate.swift in Sources */,
				B698FB7627AA75F70074A106 /* AddEventViewController.swift in Sources */,
				B698FB7227AA6EAC0074A106 /* EventListViewModel.swift in Sources */,
				B698FB7027AA6A100074A106 /* CoreDataManager.swift in Sources */,
				B698FB6427AA56E20074A106 /* EventListCoordinator.swift in Sources */,
			);
			runOnlyForDeploymentPostprocessing = 0;
		};
/* End PBXSourcesBuildPhase section */

/* Begin PBXVariantGroup section */
		B698FB5827AA391E0074A106 /* LaunchScreen.storyboard */ = {
			isa = PBXVariantGroup;
			children = (
				B698FB5927AA391E0074A106 /* Base */,
			);
			name = LaunchScreen.storyboard;
			sourceTree = "<group>";
		};
/* End PBXVariantGroup section */

/* Begin XCBuildConfiguration section */
		B698FB5C27AA391E0074A106 /* Debug */ = {
			isa = XCBuildConfiguration;
			buildSettings = {
				ALWAYS_SEARCH_USER_PATHS = NO;
				CLANG_ANALYZER_NONNULL = YES;
				CLANG_ANALYZER_NUMBER_OBJECT_CONVERSION = YES_AGGRESSIVE;
				CLANG_CXX_LANGUAGE_STANDARD = "gnu++17";
				CLANG_CXX_LIBRARY = "libc++";
				CLANG_ENABLE_MODULES = YES;
				CLANG_ENABLE_OBJC_ARC = YES;
				CLANG_ENABLE_OBJC_WEAK = YES;
				CLANG_WARN_BLOCK_CAPTURE_AUTORELEASING = YES;
				CLANG_WARN_BOOL_CONVERSION = YES;
				CLANG_WARN_COMMA = YES;
				CLANG_WARN_CONSTANT_CONVERSION = YES;
				CLANG_WARN_DEPRECATED_OBJC_IMPLEMENTATIONS = YES;
				CLANG_WARN_DIRECT_OBJC_ISA_USAGE = YES_ERROR;
				CLANG_WARN_DOCUMENTATION_COMMENTS = YES;
				CLANG_WARN_EMPTY_BODY = YES;
				CLANG_WARN_ENUM_CONVERSION = YES;
				CLANG_WARN_INFINITE_RECURSION = YES;
				CLANG_WARN_INT_CONVERSION = YES;
				CLANG_WARN_NON_LITERAL_NULL_CONVERSION = YES;
				CLANG_WARN_OBJC_IMPLICIT_RETAIN_SELF = YES;
				CLANG_WARN_OBJC_LITERAL_CONVERSION = YES;
				CLANG_WARN_OBJC_ROOT_CLASS = YES_ERROR;
				CLANG_WARN_QUOTED_INCLUDE_IN_FRAMEWORK_HEADER = YES;
				CLANG_WARN_RANGE_LOOP_ANALYSIS = YES;
				CLANG_WARN_STRICT_PROTOTYPES = YES;
				CLANG_WARN_SUSPICIOUS_MOVE = YES;
				CLANG_WARN_UNGUARDED_AVAILABILITY = YES_AGGRESSIVE;
				CLANG_WARN_UNREACHABLE_CODE = YES;
				CLANG_WARN__DUPLICATE_METHOD_MATCH = YES;
				COPY_PHASE_STRIP = NO;
				DEBUG_INFORMATION_FORMAT = dwarf;
				ENABLE_STRICT_OBJC_MSGSEND = YES;
				ENABLE_TESTABILITY = YES;
				GCC_C_LANGUAGE_STANDARD = gnu11;
				GCC_DYNAMIC_NO_PIC = NO;
				GCC_NO_COMMON_BLOCKS = YES;
				GCC_OPTIMIZATION_LEVEL = 0;
				GCC_PREPROCESSOR_DEFINITIONS = (
					"DEBUG=1",
					"$(inherited)",
				);
				GCC_WARN_64_TO_32_BIT_CONVERSION = YES;
				GCC_WARN_ABOUT_RETURN_TYPE = YES_ERROR;
				GCC_WARN_UNDECLARED_SELECTOR = YES;
				GCC_WARN_UNINITIALIZED_AUTOS = YES_AGGRESSIVE;
				GCC_WARN_UNUSED_FUNCTION = YES;
				GCC_WARN_UNUSED_VARIABLE = YES;
				IPHONEOS_DEPLOYMENT_TARGET = 15.2;
				MTL_ENABLE_DEBUG_INFO = INCLUDE_SOURCE;
				MTL_FAST_MATH = YES;
				ONLY_ACTIVE_ARCH = YES;
				SDKROOT = iphoneos;
				SWIFT_ACTIVE_COMPILATION_CONDITIONS = DEBUG;
				SWIFT_OPTIMIZATION_LEVEL = "-Onone";
			};
			name = Debug;
		};
		B698FB5D27AA391E0074A106 /* Release */ = {
			isa = XCBuildConfiguration;
			buildSettings = {
				ALWAYS_SEARCH_USER_PATHS = NO;
				CLANG_ANALYZER_NONNULL = YES;
				CLANG_ANALYZER_NUMBER_OBJECT_CONVERSION = YES_AGGRESSIVE;
				CLANG_CXX_LANGUAGE_STANDARD = "gnu++17";
				CLANG_CXX_LIBRARY = "libc++";
				CLANG_ENABLE_MODULES = YES;
				CLANG_ENABLE_OBJC_ARC = YES;
				CLANG_ENABLE_OBJC_WEAK = YES;
				CLANG_WARN_BLOCK_CAPTURE_AUTORELEASING = YES;
				CLANG_WARN_BOOL_CONVERSION = YES;
				CLANG_WARN_COMMA = YES;
				CLANG_WARN_CONSTANT_CONVERSION = YES;
				CLANG_WARN_DEPRECATED_OBJC_IMPLEMENTATIONS = YES;
				CLANG_WARN_DIRECT_OBJC_ISA_USAGE = YES_ERROR;
				CLANG_WARN_DOCUMENTATION_COMMENTS = YES;
				CLANG_WARN_EMPTY_BODY = YES;
				CLANG_WARN_ENUM_CONVERSION = YES;
				CLANG_WARN_INFINITE_RECURSION = YES;
				CLANG_WARN_INT_CONVERSION = YES;
				CLANG_WARN_NON_LITERAL_NULL_CONVERSION = YES;
				CLANG_WARN_OBJC_IMPLICIT_RETAIN_SELF = YES;
				CLANG_WARN_OBJC_LITERAL_CONVERSION = YES;
				CLANG_WARN_OBJC_ROOT_CLASS = YES_ERROR;
				CLANG_WARN_QUOTED_INCLUDE_IN_FRAMEWORK_HEADER = YES;
				CLANG_WARN_RANGE_LOOP_ANALYSIS = YES;
				CLANG_WARN_STRICT_PROTOTYPES = YES;
				CLANG_WARN_SUSPICIOUS_MOVE = YES;
				CLANG_WARN_UNGUARDED_AVAILABILITY = YES_AGGRESSIVE;
				CLANG_WARN_UNREACHABLE_CODE = YES;
				CLANG_WARN__DUPLICATE_METHOD_MATCH = YES;
				COPY_PHASE_STRIP = NO;
				DEBUG_INFORMATION_FORMAT = "dwarf-with-dsym";
				ENABLE_NS_ASSERTIONS = NO;
				ENABLE_STRICT_OBJC_MSGSEND = YES;
				GCC_C_LANGUAGE_STANDARD = gnu11;
				GCC_NO_COMMON_BLOCKS = YES;
				GCC_WARN_64_TO_32_BIT_CONVERSION = YES;
				GCC_WARN_ABOUT_RETURN_TYPE = YES_ERROR;
				GCC_WARN_UNDECLARED_SELECTOR = YES;
				GCC_WARN_UNINITIALIZED_AUTOS = YES_AGGRESSIVE;
				GCC_WARN_UNUSED_FUNCTION = YES;
				GCC_WARN_UNUSED_VARIABLE = YES;
				IPHONEOS_DEPLOYMENT_TARGET = 15.2;
				MTL_ENABLE_DEBUG_INFO = NO;
				MTL_FAST_MATH = YES;
				SDKROOT = iphoneos;
				SWIFT_COMPILATION_MODE = wholemodule;
				SWIFT_OPTIMIZATION_LEVEL = "-O";
				VALIDATE_PRODUCT = YES;
			};
			name = Release;
		};
		B698FB5F27AA391E0074A106 /* Debug */ = {
			isa = XCBuildConfiguration;
			buildSettings = {
				ASSETCATALOG_COMPILER_APPICON_NAME = AppIcon;
				ASSETCATALOG_COMPILER_GLOBAL_ACCENT_COLOR_NAME = AccentColor;
				CODE_SIGN_STYLE = Automatic;
				CURRENT_PROJECT_VERSION = 1;
				DEVELOPMENT_TEAM = 2L2K3UD2LK;
				GENERATE_INFOPLIST_FILE = YES;
				INFOPLIST_FILE = EventsApp/Info.plist;
				INFOPLIST_KEY_UIApplicationSupportsIndirectInputEvents = YES;
				INFOPLIST_KEY_UILaunchStoryboardName = LaunchScreen;
				INFOPLIST_KEY_UISupportedInterfaceOrientations_iPad = "UIInterfaceOrientationPortrait UIInterfaceOrientationPortraitUpsideDown UIInterfaceOrientationLandscapeLeft UIInterfaceOrientationLandscapeRight";
				INFOPLIST_KEY_UISupportedInterfaceOrientations_iPhone = "UIInterfaceOrientationPortrait UIInterfaceOrientationLandscapeLeft UIInterfaceOrientationLandscapeRight";
				LD_RUNPATH_SEARCH_PATHS = (
					"$(inherited)",
					"@executable_path/Frameworks",
				);
				MARKETING_VERSION = 1.0;
				PRODUCT_BUNDLE_IDENTIFIER = com.sangheon.EventsApp;
				PRODUCT_NAME = "$(TARGET_NAME)";
				SWIFT_EMIT_LOC_STRINGS = YES;
				SWIFT_VERSION = 5.0;
				TARGETED_DEVICE_FAMILY = "1,2";
			};
			name = Debug;
		};
		B698FB6027AA391E0074A106 /* Release */ = {
			isa = XCBuildConfiguration;
			buildSettings = {
				ASSETCATALOG_COMPILER_APPICON_NAME = AppIcon;
				ASSETCATALOG_COMPILER_GLOBAL_ACCENT_COLOR_NAME = AccentColor;
				CODE_SIGN_STYLE = Automatic;
				CURRENT_PROJECT_VERSION = 1;
				DEVELOPMENT_TEAM = 2L2K3UD2LK;
				GENERATE_INFOPLIST_FILE = YES;
				INFOPLIST_FILE = EventsApp/Info.plist;
				INFOPLIST_KEY_UIApplicationSupportsIndirectInputEvents = YES;
				INFOPLIST_KEY_UILaunchStoryboardName = LaunchScreen;
				INFOPLIST_KEY_UISupportedInterfaceOrientations_iPad = "UIInterfaceOrientationPortrait UIInterfaceOrientationPortraitUpsideDown UIInterfaceOrientationLandscapeLeft UIInterfaceOrientationLandscapeRight";
				INFOPLIST_KEY_UISupportedInterfaceOrientations_iPhone = "UIInterfaceOrientationPortrait UIInterfaceOrientationLandscapeLeft UIInterfaceOrientationLandscapeRight";
				LD_RUNPATH_SEARCH_PATHS = (
					"$(inherited)",
					"@executable_path/Frameworks",
				);
				MARKETING_VERSION = 1.0;
				PRODUCT_BUNDLE_IDENTIFIER = com.sangheon.EventsApp;
				PRODUCT_NAME = "$(TARGET_NAME)";
				SWIFT_EMIT_LOC_STRINGS = YES;
				SWIFT_VERSION = 5.0;
				TARGETED_DEVICE_FAMILY = "1,2";
			};
			name = Release;
		};
/* End XCBuildConfiguration section */

/* Begin XCConfigurationList section */
		B698FB4527AA39180074A106 /* Build configuration list for PBXProject "EventsApp" */ = {
			isa = XCConfigurationList;
			buildConfigurations = (
				B698FB5C27AA391E0074A106 /* Debug */,
				B698FB5D27AA391E0074A106 /* Release */,
			);
			defaultConfigurationIsVisible = 0;
			defaultConfigurationName = Release;
		};
		B698FB5E27AA391E0074A106 /* Build configuration list for PBXNativeTarget "EventsApp" */ = {
			isa = XCConfigurationList;
			buildConfigurations = (
				B698FB5F27AA391E0074A106 /* Debug */,
				B698FB6027AA391E0074A106 /* Release */,
			);
			defaultConfigurationIsVisible = 0;
			defaultConfigurationName = Release;
		};
/* End XCConfigurationList section */

/* Begin XCVersionGroup section */
		B698FB6927AA63E30074A106 /* EventsApp.xcdatamodeld */ = {
			isa = XCVersionGroup;
			children = (
				B698FB6A27AA63E30074A106 /* EventsApp.xcdatamodel */,
			);
			currentVersion = B698FB6A27AA63E30074A106 /* EventsApp.xcdatamodel */;
			path = EventsApp.xcdatamodeld;
			sourceTree = "<group>";
			versionGroupType = wrapper.xcdatamodel;
		};
/* End XCVersionGroup section */
	};
	rootObject = B698FB4227AA39180074A106 /* Project object */;
}
